
Microsoft Visual Studio Solution File, Format Version 12.00
# Visual Studio 2012
Project("{8BC9CEB8-8B4A-11D0-8D11-00A0C91BC942}") = "CrashHandlerTest", "CrashHandlerTest\CrashHandlerTest.vcxproj", "{AAED6DF2-5855-4041-8C2A-AB809FB156C9}"
EndProject
Project("{8BC9CEB8-8B4A-11D0-8D11-00A0C91BC942}") = "BigNumTest", "BigNumTest\BigNumTest.vcxproj", "{4D21A907-D8F6-4A65-936E-823F01D6FB82}"
EndProject
Project("{8BC9CEB8-8B4A-11D0-8D11-00A0C91BC942}") = "WindowServiceTest", "WindowServiceTest\WindowServiceTest.vcxproj", "{8B7CE646-5378-4F13-8A7A-8218CA197D1E}"
EndProject
Global
	GlobalSection(SolutionConfigurationPlatforms) = preSolution
		Debug|Win32 = Debug|Win32
		Release|Win32 = Release|Win32
	EndGlobalSection
	GlobalSection(ProjectConfigurationPlatforms) = postSolution
		{AAED6DF2-5855-4041-8C2A-AB809FB156C9}.Debug|Win32.ActiveCfg = Debug|Win32
		{AAED6DF2-5855-4041-8C2A-AB809FB156C9}.Debug|Win32.Build.0 = Debug|Win32
		{AAED6DF2-5855-4041-8C2A-AB809FB156C9}.Release|Win32.ActiveCfg = Release|Win32
		{AAED6DF2-5855-4041-8C2A-AB809FB156C9}.Release|Win32.Build.0 = Release|Win32
		{4D21A907-D8F6-4A65-936E-823F01D6FB82}.Debug|Win32.ActiveCfg = Debug|Win32
		{4D21A907-D8F6-4A65-936E-823F01D6FB82}.Debug|Win32.Build.0 = Debug|Win32
		{4D21A907-D8F6-4A65-936E-823F01D6FB82}.Release|Win32.ActiveCfg = Release|Win32
		{4D21A907-D8F6-4A65-936E-823F01D6FB82}.Release|Win32.Build.0 = Release|Win32
		{8B7CE646-5378-4F13-8A7A-8218CA197D1E}.Debug|Win32.ActiveCfg = Debug|Win32
		{8B7CE646-5378-4F13-8A7A-8218CA197D1E}.Debug|Win32.Build.0 = Debug|Win32
		{8B7CE646-5378-4F13-8A7A-8218CA197D1E}.Release|Win32.ActiveCfg = Release|Win32
		{8B7CE646-5378-4F13-8A7A-8218CA197D1E}.Release|Win32.Build.0 = Release|Win32
	EndGlobalSection
	GlobalSection(SolutionProperties) = preSolution
		HideSolutionNode = FALSE
	EndGlobalSection
EndGlobal
