
Microsoft Visual Studio Solution File, Format Version 12.00
# Visual Studio 2012
Project("{8BC9CEB8-8B4A-11D0-8D11-00A0C91BC942}") = "ChatServer", "ChatServer\ChatServer.vcxproj", "{A19E41AF-3A18-479F-A39D-4E9E597F28D8}"
EndProject
Project("{8BC9CEB8-8B4A-11D0-8D11-00A0C91BC942}") = "ChatClient", "ChatClient\ChatClient.vcxproj", "{AE0931A5-DA93-45BB-B0C0-4B43E38A0CE5}"
EndProject
Project("{8BC9CEB8-8B4A-11D0-8D11-00A0C91BC942}") = "FPSServer", "FPSServer\FPSServer.vcxproj", "{0B188119-22B3-42B0-8273-2CC89CFD4914}"
EndProject
Project("{8BC9CEB8-8B4A-11D0-8D11-00A0C91BC942}") = "FPSClient", "FPSClient\FPSClient.vcxproj", "{48877B52-1B8E-44BF-AEA7-16FE109A96AD}"
EndProject
Global
	GlobalSection(SolutionConfigurationPlatforms) = preSolution
		Debug|Win32 = Debug|Win32
		Release|Win32 = Release|Win32
	EndGlobalSection
	GlobalSection(ProjectConfigurationPlatforms) = postSolution
		{0B188119-22B3-42B0-8273-2CC89CFD4914}.Debug|Win32.ActiveCfg = Debug|Win32
		{0B188119-22B3-42B0-8273-2CC89CFD4914}.Debug|Win32.Build.0 = Debug|Win32
		{0B188119-22B3-42B0-8273-2CC89CFD4914}.Release|Win32.ActiveCfg = Release|Win32
		{0B188119-22B3-42B0-8273-2CC89CFD4914}.Release|Win32.Build.0 = Release|Win32
		{48877B52-1B8E-44BF-AEA7-16FE109A96AD}.Debug|Win32.ActiveCfg = Debug|Win32
		{48877B52-1B8E-44BF-AEA7-16FE109A96AD}.Debug|Win32.Build.0 = Debug|Win32
		{48877B52-1B8E-44BF-AEA7-16FE109A96AD}.Release|Win32.ActiveCfg = Release|Win32
		{48877B52-1B8E-44BF-AEA7-16FE109A96AD}.Release|Win32.Build.0 = Release|Win32
		{A19E41AF-3A18-479F-A39D-4E9E597F28D8}.Debug|Win32.ActiveCfg = Debug|Win32
		{A19E41AF-3A18-479F-A39D-4E9E597F28D8}.Debug|Win32.Build.0 = Debug|Win32
		{A19E41AF-3A18-479F-A39D-4E9E597F28D8}.Release|Win32.ActiveCfg = Release|Win32
		{A19E41AF-3A18-479F-A39D-4E9E597F28D8}.Release|Win32.Build.0 = Release|Win32
		{AE0931A5-DA93-45BB-B0C0-4B43E38A0CE5}.Debug|Win32.ActiveCfg = Debug|Win32
		{AE0931A5-DA93-45BB-B0C0-4B43E38A0CE5}.Debug|Win32.Build.0 = Debug|Win32
		{AE0931A5-DA93-45BB-B0C0-4B43E38A0CE5}.Release|Win32.ActiveCfg = Release|Win32
		{AE0931A5-DA93-45BB-B0C0-4B43E38A0CE5}.Release|Win32.Build.0 = Release|Win32
	EndGlobalSection
	GlobalSection(SolutionProperties) = preSolution
		HideSolutionNode = FALSE
	EndGlobalSection
EndGlobal
