
Microsoft Visual Studio Solution File, Format Version 12.00
# Visual Studio 2013
VisualStudioVersion = 12.0.30723.0
MinimumVisualStudioVersion = 10.0.40219.1
Project("{2150E333-8FDC-42A3-9474-1A3956D46DE8}") = "Echo", "Echo", "{4A150234-BE25-40AA-AF69-13250BDA17E8}"
EndProject
Project("{2150E333-8FDC-42A3-9474-1A3956D46DE8}") = "Chat1", "Chat1", "{8E02D586-5767-4B58-A5CD-C73F10A1F702}"
EndProject
Project("{2150E333-8FDC-42A3-9474-1A3956D46DE8}") = "Chat2", "Chat2", "{E1FA3C93-8D95-41A6-BB48-5D479C9A346A}"
EndProject
Project("{2150E333-8FDC-42A3-9474-1A3956D46DE8}") = "MultiServer", "MultiServer", "{63DFE872-C27D-4B87-974B-F9E6DBC3AF81}"
EndProject
Project("{2150E333-8FDC-42A3-9474-1A3956D46DE8}") = "MultiListener", "MultiListener", "{9453726E-F861-46E3-8CB4-B0C66EF2E931}"
EndProject
Project("{FAE04EC0-301F-11D3-BF4B-00C04F79EFBC}") = "EchoServer", "Echo\EchoServer\EchoServer.csproj", "{44196478-AAE0-44F4-8491-77A0D6933747}"
EndProject
Project("{FAE04EC0-301F-11D3-BF4B-00C04F79EFBC}") = "EchoClient", "Echo\EchoClient\EchoClient.csproj", "{F3631F67-510A-4ED8-BACA-2B0CE8CEBC02}"
EndProject
Project("{FAE04EC0-301F-11D3-BF4B-00C04F79EFBC}") = "ChatServer1", "Chat1\Server\ChatServer1.csproj", "{D11A637A-9DAB-4FD6-8C63-47FB2C796820}"
EndProject
Project("{FAE04EC0-301F-11D3-BF4B-00C04F79EFBC}") = "ChatClient1", "Chat1\Client\ChatClient1.csproj", "{F177CB6D-87B0-4BAD-A3B9-F83F72B45872}"
EndProject
Project("{FAE04EC0-301F-11D3-BF4B-00C04F79EFBC}") = "CSCommonLib", "Chat2\CSCommonLib\CSCommonLib.csproj", "{CDF3916E-101E-44FE-A015-1004291A0644}"
EndProject
Project("{FAE04EC0-301F-11D3-BF4B-00C04F79EFBC}") = "ChatServerLib", "Chat2\ChatServerLib\ChatServerLib.csproj", "{51804F4D-DCA3-4D16-82E9-AFDD7B2FA22A}"
EndProject
Project("{FAE04EC0-301F-11D3-BF4B-00C04F79EFBC}") = "ChatServerHost", "Chat2\ChatServerHost\ChatServerHost.csproj", "{6AA1EA44-1958-4677-892B-0F0E1E506A93}"
EndProject
Project("{FAE04EC0-301F-11D3-BF4B-00C04F79EFBC}") = "ChatClient", "Chat2\Client\ChatClient.csproj", "{5F6F6575-85FE-4839-9271-2B37ED776D60}"
EndProject
Project("{FAE04EC0-301F-11D3-BF4B-00C04F79EFBC}") = "GateWayServer", "MultiServer\GateWayServer\GateWayServer.csproj", "{2EC664DD-784B-4152-AEE8-23E8052EC7B5}"
EndProject
Project("{FAE04EC0-301F-11D3-BF4B-00C04F79EFBC}") = "GameServer", "MultiServer\GameServer\GameServer.csproj", "{543A7A45-D1B7-4243-A306-AE9FF1A0E17B}"
EndProject
Project("{FAE04EC0-301F-11D3-BF4B-00C04F79EFBC}") = "Client", "MultiServer\Client\Client.csproj", "{4D1B84C2-CCE2-49AF-AB7A-64834B4DF806}"
EndProject
Project("{FAE04EC0-301F-11D3-BF4B-00C04F79EFBC}") = "Server", "MultiListener\Server\Server.csproj", "{3DD6D360-BCBD-4197-B9B4-4D25A87CBD43}"
EndProject
Project("{FAE04EC0-301F-11D3-BF4B-00C04F79EFBC}") = "Client", "MultiListener\Client\Client.csproj", "{C146402F-A463-45F5-839B-991712425636}"
EndProject
Project("{FAE04EC0-301F-11D3-BF4B-00C04F79EFBC}") = "CGSFNETCommon", "..\CGSFNETCommon\CGSFNETCommon.csproj", "{32BA163D-2969-45C9-B7EC-468010CC6B52}"
EndProject
Global
	GlobalSection(SolutionConfigurationPlatforms) = preSolution
		Debug|Any CPU = Debug|Any CPU
		Release|Any CPU = Release|Any CPU
	EndGlobalSection
	GlobalSection(ProjectConfigurationPlatforms) = postSolution
		{44196478-AAE0-44F4-8491-77A0D6933747}.Debug|Any CPU.ActiveCfg = Debug|Any CPU
		{44196478-AAE0-44F4-8491-77A0D6933747}.Debug|Any CPU.Build.0 = Debug|Any CPU
		{44196478-AAE0-44F4-8491-77A0D6933747}.Release|Any CPU.ActiveCfg = Release|Any CPU
		{44196478-AAE0-44F4-8491-77A0D6933747}.Release|Any CPU.Build.0 = Release|Any CPU
		{F3631F67-510A-4ED8-BACA-2B0CE8CEBC02}.Debug|Any CPU.ActiveCfg = Debug|Any CPU
		{F3631F67-510A-4ED8-BACA-2B0CE8CEBC02}.Debug|Any CPU.Build.0 = Debug|Any CPU
		{F3631F67-510A-4ED8-BACA-2B0CE8CEBC02}.Release|Any CPU.ActiveCfg = Release|Any CPU
		{F3631F67-510A-4ED8-BACA-2B0CE8CEBC02}.Release|Any CPU.Build.0 = Release|Any CPU
		{D11A637A-9DAB-4FD6-8C63-47FB2C796820}.Debug|Any CPU.ActiveCfg = Debug|Any CPU
		{D11A637A-9DAB-4FD6-8C63-47FB2C796820}.Debug|Any CPU.Build.0 = Debug|Any CPU
		{D11A637A-9DAB-4FD6-8C63-47FB2C796820}.Release|Any CPU.ActiveCfg = Release|Any CPU
		{D11A637A-9DAB-4FD6-8C63-47FB2C796820}.Release|Any CPU.Build.0 = Release|Any CPU
		{F177CB6D-87B0-4BAD-A3B9-F83F72B45872}.Debug|Any CPU.ActiveCfg = Debug|Any CPU
		{F177CB6D-87B0-4BAD-A3B9-F83F72B45872}.Debug|Any CPU.Build.0 = Debug|Any CPU
		{F177CB6D-87B0-4BAD-A3B9-F83F72B45872}.Release|Any CPU.ActiveCfg = Release|Any CPU
		{F177CB6D-87B0-4BAD-A3B9-F83F72B45872}.Release|Any CPU.Build.0 = Release|Any CPU
		{CDF3916E-101E-44FE-A015-1004291A0644}.Debug|Any CPU.ActiveCfg = Debug|Any CPU
		{CDF3916E-101E-44FE-A015-1004291A0644}.Debug|Any CPU.Build.0 = Debug|Any CPU
		{CDF3916E-101E-44FE-A015-1004291A0644}.Release|Any CPU.ActiveCfg = Release|Any CPU
		{CDF3916E-101E-44FE-A015-1004291A0644}.Release|Any CPU.Build.0 = Release|Any CPU
		{51804F4D-DCA3-4D16-82E9-AFDD7B2FA22A}.Debug|Any CPU.ActiveCfg = Debug|Any CPU
		{51804F4D-DCA3-4D16-82E9-AFDD7B2FA22A}.Debug|Any CPU.Build.0 = Debug|Any CPU
		{51804F4D-DCA3-4D16-82E9-AFDD7B2FA22A}.Release|Any CPU.ActiveCfg = Release|Any CPU
		{51804F4D-DCA3-4D16-82E9-AFDD7B2FA22A}.Release|Any CPU.Build.0 = Release|Any CPU
		{6AA1EA44-1958-4677-892B-0F0E1E506A93}.Debug|Any CPU.ActiveCfg = Debug|Any CPU
		{6AA1EA44-1958-4677-892B-0F0E1E506A93}.Debug|Any CPU.Build.0 = Debug|Any CPU
		{6AA1EA44-1958-4677-892B-0F0E1E506A93}.Release|Any CPU.ActiveCfg = Release|Any CPU
		{6AA1EA44-1958-4677-892B-0F0E1E506A93}.Release|Any CPU.Build.0 = Release|Any CPU
		{5F6F6575-85FE-4839-9271-2B37ED776D60}.Debug|Any CPU.ActiveCfg = Debug|Any CPU
		{5F6F6575-85FE-4839-9271-2B37ED776D60}.Debug|Any CPU.Build.0 = Debug|Any CPU
		{5F6F6575-85FE-4839-9271-2B37ED776D60}.Release|Any CPU.ActiveCfg = Release|Any CPU
		{5F6F6575-85FE-4839-9271-2B37ED776D60}.Release|Any CPU.Build.0 = Release|Any CPU
		{2EC664DD-784B-4152-AEE8-23E8052EC7B5}.Debug|Any CPU.ActiveCfg = Debug|Any CPU
		{2EC664DD-784B-4152-AEE8-23E8052EC7B5}.Debug|Any CPU.Build.0 = Debug|Any CPU
		{2EC664DD-784B-4152-AEE8-23E8052EC7B5}.Release|Any CPU.ActiveCfg = Release|Any CPU
		{2EC664DD-784B-4152-AEE8-23E8052EC7B5}.Release|Any CPU.Build.0 = Release|Any CPU
		{543A7A45-D1B7-4243-A306-AE9FF1A0E17B}.Debug|Any CPU.ActiveCfg = Debug|Any CPU
		{543A7A45-D1B7-4243-A306-AE9FF1A0E17B}.Debug|Any CPU.Build.0 = Debug|Any CPU
		{543A7A45-D1B7-4243-A306-AE9FF1A0E17B}.Release|Any CPU.ActiveCfg = Release|Any CPU
		{543A7A45-D1B7-4243-A306-AE9FF1A0E17B}.Release|Any CPU.Build.0 = Release|Any CPU
		{4D1B84C2-CCE2-49AF-AB7A-64834B4DF806}.Debug|Any CPU.ActiveCfg = Debug|Any CPU
		{4D1B84C2-CCE2-49AF-AB7A-64834B4DF806}.Debug|Any CPU.Build.0 = Debug|Any CPU
		{4D1B84C2-CCE2-49AF-AB7A-64834B4DF806}.Release|Any CPU.ActiveCfg = Release|Any CPU
		{4D1B84C2-CCE2-49AF-AB7A-64834B4DF806}.Release|Any CPU.Build.0 = Release|Any CPU
		{3DD6D360-BCBD-4197-B9B4-4D25A87CBD43}.Debug|Any CPU.ActiveCfg = Debug|Any CPU
		{3DD6D360-BCBD-4197-B9B4-4D25A87CBD43}.Debug|Any CPU.Build.0 = Debug|Any CPU
		{3DD6D360-BCBD-4197-B9B4-4D25A87CBD43}.Release|Any CPU.ActiveCfg = Release|Any CPU
		{3DD6D360-BCBD-4197-B9B4-4D25A87CBD43}.Release|Any CPU.Build.0 = Release|Any CPU
		{C146402F-A463-45F5-839B-991712425636}.Debug|Any CPU.ActiveCfg = Debug|Any CPU
		{C146402F-A463-45F5-839B-991712425636}.Debug|Any CPU.Build.0 = Debug|Any CPU
		{C146402F-A463-45F5-839B-991712425636}.Release|Any CPU.ActiveCfg = Release|Any CPU
		{C146402F-A463-45F5-839B-991712425636}.Release|Any CPU.Build.0 = Release|Any CPU
		{32BA163D-2969-45C9-B7EC-468010CC6B52}.Debug|Any CPU.ActiveCfg = Debug|Any CPU
		{32BA163D-2969-45C9-B7EC-468010CC6B52}.Debug|Any CPU.Build.0 = Debug|Any CPU
		{32BA163D-2969-45C9-B7EC-468010CC6B52}.Release|Any CPU.ActiveCfg = Release|Any CPU
		{32BA163D-2969-45C9-B7EC-468010CC6B52}.Release|Any CPU.Build.0 = Release|Any CPU
	EndGlobalSection
	GlobalSection(SolutionProperties) = preSolution
		HideSolutionNode = FALSE
	EndGlobalSection
	GlobalSection(NestedProjects) = preSolution
		{44196478-AAE0-44F4-8491-77A0D6933747} = {4A150234-BE25-40AA-AF69-13250BDA17E8}
		{F3631F67-510A-4ED8-BACA-2B0CE8CEBC02} = {4A150234-BE25-40AA-AF69-13250BDA17E8}
		{D11A637A-9DAB-4FD6-8C63-47FB2C796820} = {8E02D586-5767-4B58-A5CD-C73F10A1F702}
		{F177CB6D-87B0-4BAD-A3B9-F83F72B45872} = {8E02D586-5767-4B58-A5CD-C73F10A1F702}
		{CDF3916E-101E-44FE-A015-1004291A0644} = {E1FA3C93-8D95-41A6-BB48-5D479C9A346A}
		{51804F4D-DCA3-4D16-82E9-AFDD7B2FA22A} = {E1FA3C93-8D95-41A6-BB48-5D479C9A346A}
		{6AA1EA44-1958-4677-892B-0F0E1E506A93} = {E1FA3C93-8D95-41A6-BB48-5D479C9A346A}
		{5F6F6575-85FE-4839-9271-2B37ED776D60} = {E1FA3C93-8D95-41A6-BB48-5D479C9A346A}
		{2EC664DD-784B-4152-AEE8-23E8052EC7B5} = {63DFE872-C27D-4B87-974B-F9E6DBC3AF81}
		{543A7A45-D1B7-4243-A306-AE9FF1A0E17B} = {63DFE872-C27D-4B87-974B-F9E6DBC3AF81}
		{4D1B84C2-CCE2-49AF-AB7A-64834B4DF806} = {63DFE872-C27D-4B87-974B-F9E6DBC3AF81}
		{3DD6D360-BCBD-4197-B9B4-4D25A87CBD43} = {9453726E-F861-46E3-8CB4-B0C66EF2E931}
		{C146402F-A463-45F5-839B-991712425636} = {9453726E-F861-46E3-8CB4-B0C66EF2E931}
	EndGlobalSection
EndGlobal
