<?xml version="1.0" encoding="utf-8"?>
<Project ToolsVersion="4.0" xmlns="http://schemas.microsoft.com/developer/msbuild/2003">
  <ItemGroup>
    <ClCompile Include="AssemblyInfo.cpp" />
    <ClCompile Include="CgsfNET64.cpp" />
    <ClCompile Include="ConcurrencyPacketQueue.h" />
    <ClCompile Include="SFNETDispatcher.cpp" />
    <ClCompile Include="Stdafx.cpp" />
  </ItemGroup>
  <ItemGroup>
    <ClInclude Include="CgsfNET64.h" />
    <ClInclude Include="DefineValue.h" />
    <ClInclude Include="FRAMEWORK_ERROR_CODE.h" />
    <ClInclude Include="ServerLogicEntry.h" />
    <ClInclude Include="SFNETDispatcher.h" />
    <ClInclude Include="SFNETPacket.h" />
    <ClInclude Include="Stdafx.h" />
    <ClInclude Include="resource.h">
      <Filter>resource</Filter>
    </ClInclude>
    <ClInclude Include="ServerConnectReceiveCallback.h" />
    <ClInclude Include="3DESEncrypt.h">
      <Filter>PacketOption</Filter>
    </ClInclude>
    <ClInclude Include="AESEncrypt.h">
      <Filter>PacketOption</Filter>
    </ClInclude>
    <ClInclude Include="DESEncrypt.h">
      <Filter>PacketOption</Filter>
    </ClInclude>
    <ClInclude Include="Compress.h">
      <Filter>PacketOption</Filter>
    </ClInclude>
    <ClInclude Include="Helper.h" />
  </ItemGroup>
  <ItemGroup>
    <Filter Include="resource">
      <UniqueIdentifier>{1036057d-ee7c-454e-888e-56b8f411037b}</UniqueIdentifier>
    </Filter>
    <Filter Include="PacketOption">
      <UniqueIdentifier>{5d480b07-eeb9-4d22-9cb8-6bee2f6c97af}</UniqueIdentifier>
    </Filter>
  </ItemGroup>
  <ItemGroup>
    <Image Include="app.ico">
      <Filter>resource</Filter>
    </Image>
  </ItemGroup>
  <ItemGroup>
    <ResourceCompile Include="app.rc">
      <Filter>resource</Filter>
    </ResourceCompile>
  </ItemGroup>
</Project>