<?xml version="1.0" encoding="utf-8"?>
<Project ToolsVersion="4.0" xmlns="http://schemas.microsoft.com/developer/msbuild/2003">
  <ItemGroup>
    <ClCompile Include="UDPCallback.cpp">
      <Filter>Source</Filter>
    </ClCompile>
    <ClCompile Include="TCPCallback.cpp">
      <Filter>Source</Filter>
    </ClCompile>
    <ClCompile Include="stdafx.cpp">
      <Filter>Source</Filter>
    </ClCompile>
    <ClCompile Include=".\FPSClient.cpp">
      <Filter>Source</Filter>
    </ClCompile>
    <ClCompile Include="..\..\Common\SFPacketStore\SFPacketStore.pb.cc">
      <Filter>Source</Filter>
    </ClCompile>
  </ItemGroup>
  <ItemGroup>
    <ClInclude Include="UDPCallback.h">
      <Filter>Source</Filter>
    </ClInclude>
    <ClInclude Include="TCPCallback.h">
      <Filter>Source</Filter>
    </ClInclude>
    <ClInclude Include="targetver.h">
      <Filter>Source</Filter>
    </ClInclude>
    <ClInclude Include="stdafx.h">
      <Filter>Source</Filter>
    </ClInclude>
    <ClInclude Include="..\..\Common\SFPacketStore\SFPacketStore.pb.h">
      <Filter>Source</Filter>
    </ClInclude>
  </ItemGroup>
  <ItemGroup>
    <Text Include="ReadMe.txt" />
  </ItemGroup>
  <ItemGroup>
    <Filter Include="Source">
      <UniqueIdentifier>{35c11e65-5bbe-4f26-b2db-7b4a3641afd3}</UniqueIdentifier>
    </Filter>
  </ItemGroup>
</Project>