<?xml version="1.0" encoding="utf-8"?>
<Project ToolsVersion="4.0" xmlns="http://schemas.microsoft.com/developer/msbuild/2003">
  <ItemGroup>
    <Filter Include="DataLoader">
      <UniqueIdentifier>{20cc6690-0fe2-447b-b3ae-3d8931e63fb9}</UniqueIdentifier>
    </Filter>
    <Filter Include="Common">
      <UniqueIdentifier>{93995380-89BD-4b04-88EB-625FBE52EBFB}</UniqueIdentifier>
      <Extensions>h;hpp;hxx;hm;inl;inc;xsd</Extensions>
    </Filter>
    <Filter Include="Packet">
      <UniqueIdentifier>{80fc87bd-8418-43cd-b4aa-93b0b64dcf0d}</UniqueIdentifier>
    </Filter>
    <Filter Include="Network">
      <UniqueIdentifier>{8c588fa3-b1c1-48ac-9961-67d09e2c49a8}</UniqueIdentifier>
    </Filter>
    <Filter Include="Logic">
      <UniqueIdentifier>{770a9c60-f72d-483c-bd26-9bb51653c8db}</UniqueIdentifier>
    </Filter>
    <Filter Include="Singlton">
      <UniqueIdentifier>{afa4362c-6b77-48cb-bb1d-20350fc9e7c0}</UniqueIdentifier>
    </Filter>
    <Filter Include="Shouter">
      <UniqueIdentifier>{d07dc62e-052f-4e2a-a608-ed2f1312111a}</UniqueIdentifier>
    </Filter>
    <Filter Include="Packet\ProtobufPacket">
      <UniqueIdentifier>{27197d65-2387-4f0f-9e99-1d711b364bd1}</UniqueIdentifier>
    </Filter>
    <Filter Include="Packet\PacketProtocol">
      <UniqueIdentifier>{8349fc42-da29-49ce-aeef-7b5f72c6a78a}</UniqueIdentifier>
    </Filter>
    <Filter Include="Packet\CGSFPacket">
      <UniqueIdentifier>{4241a524-5d76-436c-874a-dc3f357b9a5a}</UniqueIdentifier>
    </Filter>
    <Filter Include="Packet\JsonPacket">
      <UniqueIdentifier>{e4766a0c-0162-4846-8645-f96be4b00e63}</UniqueIdentifier>
    </Filter>
    <Filter Include="ClientInterface">
      <UniqueIdentifier>{f64f9b76-faa7-4823-a693-7a97f55ce284}</UniqueIdentifier>
    </Filter>
    <Filter Include="Dispatcher">
      <UniqueIdentifier>{3939b047-9ae7-4ae1-a0e7-28cb11d41e07}</UniqueIdentifier>
    </Filter>
    <Filter Include="Packet\MessagePack">
      <UniqueIdentifier>{750eec34-09eb-4ce7-898d-2d93ba78aca8}</UniqueIdentifier>
    </Filter>
    <Filter Include="Packet\Avro">
      <UniqueIdentifier>{3dac66bd-2f2b-48ab-99bf-366608c6b780}</UniqueIdentifier>
    </Filter>
    <Filter Include="RPC">
      <UniqueIdentifier>{6107468a-89a2-4917-959b-5b906163b3fd}</UniqueIdentifier>
    </Filter>
    <Filter Include="Pattern">
      <UniqueIdentifier>{12fdbb0e-6319-4186-aa65-cef494e100f6}</UniqueIdentifier>
    </Filter>
    <Filter Include="Community">
      <UniqueIdentifier>{99bff1f9-865a-4798-b807-35c6d5256c74}</UniqueIdentifier>
    </Filter>
    <Filter Include="Packet\PacketTask">
      <UniqueIdentifier>{2e1e993a-e71a-45bb-ad01-d455981ed3d9}</UniqueIdentifier>
    </Filter>
    <Filter Include="Packet\httpxx">
      <UniqueIdentifier>{2061b878-9c6d-418f-9f4d-db67959120d3}</UniqueIdentifier>
    </Filter>
  </ItemGroup>
  <ItemGroup>
    <ClCompile Include=".\SFExcel.cpp">
      <Filter>DataLoader</Filter>
    </ClCompile>
    <ClCompile Include=".\SFIni.cpp">
      <Filter>DataLoader</Filter>
    </ClCompile>
    <ClCompile Include=".\stdafx.cpp">
      <Filter>Common</Filter>
    </ClCompile>
    <ClCompile Include=".\LogicEntry.cpp">
      <Filter>Logic</Filter>
    </ClCompile>
    <ClCompile Include=".\SFLogicGateway.cpp">
      <Filter>Logic</Filter>
    </ClCompile>
    <ClCompile Include="SFShouter.cpp">
      <Filter>Shouter</Filter>
    </ClCompile>
    <ClCompile Include=".\SFBridgeThread.cpp">
      <Filter>Network</Filter>
    </ClCompile>
    <ClCompile Include="SFProtobufPacketImpl.cpp">
      <Filter>Packet\ProtobufPacket</Filter>
    </ClCompile>
    <ClCompile Include="SFProtobufProtocol.cpp">
      <Filter>Packet\ProtobufPacket</Filter>
    </ClCompile>
    <ClCompile Include=".\SFPacketProtocol.cpp">
      <Filter>Packet\PacketProtocol</Filter>
    </ClCompile>
    <ClCompile Include="SFProtocol.cpp">
      <Filter>Packet\ProtobufPacket</Filter>
    </ClCompile>
    <ClCompile Include="DataBuffer.cpp">
      <Filter>Packet\ProtobufPacket</Filter>
    </ClCompile>
    <ClCompile Include="SFEngine.cpp">
      <Filter>Network</Filter>
    </ClCompile>
    <ClCompile Include=".\SFSessionService.cpp">
      <Filter>Network</Filter>
    </ClCompile>
    <ClCompile Include="SFJsonProtocol.cpp">
      <Filter>Packet\JsonPacket</Filter>
    </ClCompile>
    <ClCompile Include=".\SFPacketIOBuffer.cpp">
      <Filter>Packet\CGSFPacket</Filter>
    </ClCompile>
    <ClCompile Include=".\SFPacket.cpp">
      <Filter>Packet\CGSFPacket</Filter>
    </ClCompile>
    <ClCompile Include=".\SFIOBuffer.cpp">
      <Filter>Packet\CGSFPacket</Filter>
    </ClCompile>
    <ClCompile Include=".\SFCheckSum.cpp">
      <Filter>Packet\CGSFPacket</Filter>
    </ClCompile>
    <ClCompile Include="SFJsonPacket.cpp">
      <Filter>Packet\JsonPacket</Filter>
    </ClCompile>
    <ClCompile Include="SFCGSFPacketProtocol.cpp">
      <Filter>Packet\CGSFPacket</Filter>
    </ClCompile>
    <ClCompile Include="SFConfigure.cpp">
      <Filter>Common</Filter>
    </ClCompile>
    <ClCompile Include="SFNetworkEntry.cpp">
      <Filter>ClientInterface</Filter>
    </ClCompile>
    <ClCompile Include="SFTCPNetwork.cpp">
      <Filter>ClientInterface</Filter>
    </ClCompile>
    <ClCompile Include="SFUDPNetwork.cpp">
      <Filter>ClientInterface</Filter>
    </ClCompile>
    <ClCompile Include="SFPacketSendGateway.cpp">
      <Filter>Logic</Filter>
    </ClCompile>
    <ClCompile Include=".\SFCasualGameDispatcher.cpp">
      <Filter>Dispatcher</Filter>
    </ClCompile>
    <ClCompile Include="SFMsgPackPacket.cpp">
      <Filter>Packet\MessagePack</Filter>
    </ClCompile>
    <ClCompile Include="SFMsgPackProtocol.cpp">
      <Filter>Packet\MessagePack</Filter>
    </ClCompile>
    <ClCompile Include="SFProtobufPacket.cpp">
      <Filter>Packet\ProtobufPacket</Filter>
    </ClCompile>
    <ClCompile Include="SFAvroProtocol.cpp">
      <Filter>Packet\Avro</Filter>
    </ClCompile>
    <ClCompile Include="SFAvroPacketImpl.cpp">
      <Filter>Packet\Avro</Filter>
    </ClCompile>
    <ClCompile Include="RPC\CPstream.cpp">
      <Filter>RPC</Filter>
    </ClCompile>
    <ClCompile Include="SFRPCGateway.cpp">
      <Filter>RPC</Filter>
    </ClCompile>
    <ClCompile Include="RPCClientTransportLayer.cpp">
      <Filter>RPC</Filter>
    </ClCompile>
    <ClCompile Include="SFClassicDispatcher.cpp">
      <Filter>Dispatcher</Filter>
    </ClCompile>
    <ClCompile Include="SFObject.cpp">
      <Filter>Pattern</Filter>
    </ClCompile>
    <ClCompile Include="SFObserver.cpp">
      <Filter>Pattern</Filter>
    </ClCompile>
    <ClCompile Include="SFSubject.cpp">
      <Filter>Pattern</Filter>
    </ClCompile>
    <ClCompile Include="RPCService.cpp">
      <Filter>RPC</Filter>
    </ClCompile>
    <ClCompile Include="CommunityManager.cpp">
      <Filter>Community</Filter>
    </ClCompile>
    <ClCompile Include="SFPacketDelaySendTask.cpp">
      <Filter>Packet\PacketTask</Filter>
    </ClCompile>
    <ClCompile Include="SFServerConnectionManager.cpp">
      <Filter>Network</Filter>
    </ClCompile>
    <ClCompile Include="ILogicEntry.cpp">
      <Filter>Logic</Filter>
    </ClCompile>
    <ClCompile Include="SFBasePacketProtocol.cpp">
      <Filter>Packet\PacketProtocol</Filter>
    </ClCompile>
    <ClCompile Include="SFPacketProtocolManager.cpp">
      <Filter>Packet\PacketProtocol</Filter>
    </ClCompile>
    <ClCompile Include="SFMMODispatcher.cpp">
      <Filter>Dispatcher</Filter>
    </ClCompile>
    <ClCompile Include="SFHTTPProtocol.cpp">
      <Filter>Packet\httpxx</Filter>
    </ClCompile>
    <ClCompile Include="SFHTTPPacket.cpp">
      <Filter>Packet\httpxx</Filter>
    </ClCompile>
    <ClCompile Include="SFLogicDispatcher.cpp">
      <Filter>Dispatcher</Filter>
    </ClCompile>
  </ItemGroup>
  <ItemGroup>
    <ClInclude Include=".\SFExcel.h">
      <Filter>DataLoader</Filter>
    </ClInclude>
    <ClInclude Include=".\SFIni.h">
      <Filter>DataLoader</Filter>
    </ClInclude>
    <ClInclude Include=".\SFFactory.h">
      <Filter>Common</Filter>
    </ClInclude>
    <ClInclude Include=".\SFMacro.h">
      <Filter>Common</Filter>
    </ClInclude>
    <ClInclude Include=".\stdafx.h">
      <Filter>Common</Filter>
    </ClInclude>
    <ClInclude Include=".\targetver.h">
      <Filter>Common</Filter>
    </ClInclude>
    <ClInclude Include=".\ILogicEntry.h">
      <Filter>Logic</Filter>
    </ClInclude>
    <ClInclude Include=".\LogicEntry.h">
      <Filter>Logic</Filter>
    </ClInclude>
    <ClInclude Include=".\SFLogicGateway.h">
      <Filter>Logic</Filter>
    </ClInclude>
    <ClInclude Include=".\SFSinglton.h">
      <Filter>Singlton</Filter>
    </ClInclude>
    <ClInclude Include="SFShouter.h">
      <Filter>Shouter</Filter>
    </ClInclude>
    <ClInclude Include="SFConstant.h">
      <Filter>Common</Filter>
    </ClInclude>
    <ClInclude Include="SFStructure.h">
      <Filter>Common</Filter>
    </ClInclude>
    <ClInclude Include=".\SFBridgeThread.h">
      <Filter>Network</Filter>
    </ClInclude>
    <ClInclude Include=".\SFEngine.h">
      <Filter>Network</Filter>
    </ClInclude>
    <ClInclude Include="SFProtobufPacketImpl.h">
      <Filter>Packet\ProtobufPacket</Filter>
    </ClInclude>
    <ClInclude Include="SFProtobufPacket.h">
      <Filter>Packet\ProtobufPacket</Filter>
    </ClInclude>
    <ClInclude Include="SFProtocol.h">
      <Filter>Packet\ProtobufPacket</Filter>
    </ClInclude>
    <ClInclude Include="SFProtobufProtocol.h">
      <Filter>Packet\ProtobufPacket</Filter>
    </ClInclude>
    <ClInclude Include=".\SFPacketProtocol.h">
      <Filter>Packet\PacketProtocol</Filter>
    </ClInclude>
    <ClInclude Include="DataBuffer.h">
      <Filter>Packet\ProtobufPacket</Filter>
    </ClInclude>
    <ClInclude Include=".\SFSessionService.h">
      <Filter>Network</Filter>
    </ClInclude>
    <ClInclude Include="SFJsonProtocol.h">
      <Filter>Packet\JsonPacket</Filter>
    </ClInclude>
    <ClInclude Include=".\SFPacketIOBuffer.h">
      <Filter>Packet\CGSFPacket</Filter>
    </ClInclude>
    <ClInclude Include=".\SFPacket.h">
      <Filter>Packet\CGSFPacket</Filter>
    </ClInclude>
    <ClInclude Include=".\SFIOBuffer.h">
      <Filter>Packet\CGSFPacket</Filter>
    </ClInclude>
    <ClInclude Include=".\SFCheckSum.h">
      <Filter>Packet\CGSFPacket</Filter>
    </ClInclude>
    <ClInclude Include="SFJsonPacket.h">
      <Filter>Packet\JsonPacket</Filter>
    </ClInclude>
    <ClInclude Include="SFCGSFPacketProtocol.h">
      <Filter>Packet\CGSFPacket</Filter>
    </ClInclude>
    <ClInclude Include="SFConfigure.h">
      <Filter>Common</Filter>
    </ClInclude>
    <ClInclude Include="CommonHeader.h">
      <Filter>Common</Filter>
    </ClInclude>
    <ClInclude Include="SFNetworkEntry.h">
      <Filter>ClientInterface</Filter>
    </ClInclude>
    <ClInclude Include="SFTCPNetwork.h">
      <Filter>ClientInterface</Filter>
    </ClInclude>
    <ClInclude Include="SFUDPNetwork.h">
      <Filter>ClientInterface</Filter>
    </ClInclude>
    <ClInclude Include="SFPacketSendGateway.h">
      <Filter>Logic</Filter>
    </ClInclude>
    <ClInclude Include="ACEHeader.h">
      <Filter>Common</Filter>
    </ClInclude>
    <ClInclude Include=".\SFCasualGameDispatcher.h">
      <Filter>Dispatcher</Filter>
    </ClInclude>
    <ClInclude Include="ILogicDispatcher.h">
      <Filter>Dispatcher</Filter>
    </ClInclude>
    <ClInclude Include="SFMsgPackPacket.h">
      <Filter>Packet\MessagePack</Filter>
    </ClInclude>
    <ClInclude Include="SFMsgPackProtocol.h">
      <Filter>Packet\MessagePack</Filter>
    </ClInclude>
    <ClInclude Include="SFAvroPacket.h">
      <Filter>Packet\Avro</Filter>
    </ClInclude>
    <ClInclude Include="SFAvroProtocol.h">
      <Filter>Packet\Avro</Filter>
    </ClInclude>
    <ClInclude Include="SFAvroPacketImpl.h">
      <Filter>Packet\Avro</Filter>
    </ClInclude>
    <ClInclude Include="RPC\CPstream.h">
      <Filter>RPC</Filter>
    </ClInclude>
    <ClInclude Include="RPC\IPersistence.h">
      <Filter>RPC</Filter>
    </ClInclude>
    <ClInclude Include="RPC\proxy.hpp">
      <Filter>RPC</Filter>
    </ClInclude>
    <ClInclude Include="RPC\service_define_template.h">
      <Filter>RPC</Filter>
    </ClInclude>
    <ClInclude Include="RPC\service_err.hpp">
      <Filter>RPC</Filter>
    </ClInclude>
    <ClInclude Include="RPC\service_method.h">
      <Filter>RPC</Filter>
    </ClInclude>
    <ClInclude Include="RPC\typetraits.hpp">
      <Filter>RPC</Filter>
    </ClInclude>
    <ClInclude Include="RPC\transport.hpp">
      <Filter>RPC</Filter>
    </ClInclude>
    <ClInclude Include="RPC\serviceDef.h">
      <Filter>RPC</Filter>
    </ClInclude>
    <ClInclude Include="RPC\testinterface.h">
      <Filter>RPC</Filter>
    </ClInclude>
    <ClInclude Include="SFRPCGateway.h">
      <Filter>RPC</Filter>
    </ClInclude>
    <ClInclude Include="RPCClientTransportLayer.h">
      <Filter>RPC</Filter>
    </ClInclude>
    <ClInclude Include="SFClassicDispatcher.h">
      <Filter>Dispatcher</Filter>
    </ClInclude>
    <ClInclude Include="SFObject.h">
      <Filter>Pattern</Filter>
    </ClInclude>
    <ClInclude Include="SFObserver.h">
      <Filter>Pattern</Filter>
    </ClInclude>
    <ClInclude Include="SFSubject.h">
      <Filter>Pattern</Filter>
    </ClInclude>
    <ClInclude Include="RPCService.h">
      <Filter>RPC</Filter>
    </ClInclude>
    <ClInclude Include="IRPCService.h">
      <Filter>RPC</Filter>
    </ClInclude>
    <ClInclude Include="IConnection.h">
      <Filter>Community</Filter>
    </ClInclude>
    <ClInclude Include="CommunityManager.h">
      <Filter>Community</Filter>
    </ClInclude>
    <ClInclude Include="IPacketTask.h">
      <Filter>Packet\PacketTask</Filter>
    </ClInclude>
    <ClInclude Include="SFPacketDelaySendTask.h">
      <Filter>Packet\PacketTask</Filter>
    </ClInclude>
    <ClInclude Include="SFServerConnectionManager.h">
      <Filter>Network</Filter>
    </ClInclude>
    <ClInclude Include="SFBasePacketProtocol.h">
      <Filter>Packet\PacketProtocol</Filter>
    </ClInclude>
    <ClInclude Include="SFPacketProtocolManager.h">
      <Filter>Packet\PacketProtocol</Filter>
    </ClInclude>
    <ClInclude Include="SFMMODispatcher.h">
      <Filter>Dispatcher</Filter>
    </ClInclude>
    <ClInclude Include="PacketProtocolConstant.h">
      <Filter>Packet\PacketProtocol</Filter>
    </ClInclude>
    <ClInclude Include="SFHTTPProtocol.h">
      <Filter>Packet\httpxx</Filter>
    </ClInclude>
    <ClInclude Include="SFHTTPPacket.h">
      <Filter>Packet\httpxx</Filter>
    </ClInclude>
    <ClInclude Include="SFLogicDispatcher.h">
      <Filter>Dispatcher</Filter>
    </ClInclude>
  </ItemGroup>
  <ItemGroup>
    <Text Include=".\ReadMe.txt" />
  </ItemGroup>
</Project>