
Microsoft Visual Studio Solution File, Format Version 12.00
# Visual Studio Express 2012 for Windows Desktop
Project("{8BC9CEB8-8B4A-11D0-8D11-00A0C91BC942}") = "BaseLayer", "..\BaseLayer\BaseLayer.vcxproj", "{835E9346-EC73-421D-8C4B-16C4673E3680}"
EndProject
Project("{8BC9CEB8-8B4A-11D0-8D11-00A0C91BC942}") = "EngineLayer", "..\EngineLayer\EngineLayer.vcxproj", "{F7276B81-CD8E-4E0B-ABF5-BAB8FEBE0511}"
	ProjectSection(ProjectDependencies) = postProject
		{C2DFE144-64D7-4101-A1CE-C441A8F3F24D} = {C2DFE144-64D7-4101-A1CE-C441A8F3F24D}
		{835E9346-EC73-421D-8C4B-16C4673E3680} = {835E9346-EC73-421D-8C4B-16C4673E3680}
	EndProjectSection
EndProject
Project("{8BC9CEB8-8B4A-11D0-8D11-00A0C91BC942}") = "CasualGame", "..\LogicLayer\CasualGame\CasualGame.vcxproj", "{6C69EC32-ACD5-4641-AE75-7652221ED3A3}"
	ProjectSection(ProjectDependencies) = postProject
		{4EF55E16-D453-444D-90E5-AB80F4E280BA} = {4EF55E16-D453-444D-90E5-AB80F4E280BA}
		{835E9346-EC73-421D-8C4B-16C4673E3680} = {835E9346-EC73-421D-8C4B-16C4673E3680}
		{F7276B81-CD8E-4E0B-ABF5-BAB8FEBE0511} = {F7276B81-CD8E-4E0B-ABF5-BAB8FEBE0511}
	EndProjectSection
EndProject
Project("{8BC9CEB8-8B4A-11D0-8D11-00A0C91BC942}") = "P2PClient", "..\P2PLayer\P2PClient\P2PClient.vcxproj", "{AF8B1386-16B1-408F-9B7E-4274F8AD5BC3}"
EndProject
Project("{8BC9CEB8-8B4A-11D0-8D11-00A0C91BC942}") = "P2PServer", "..\P2PLayer\P2PServer\P2PServer.vcxproj", "{C2DFE144-64D7-4101-A1CE-C441A8F3F24D}"
EndProject
Project("{8BC9CEB8-8B4A-11D0-8D11-00A0C91BC942}") = "ChatClient", "..\Sample\ChatClient\ChatClient.vcxproj", "{AE0931A5-DA93-45BB-B0C0-4B43E38A0CE5}"
	ProjectSection(ProjectDependencies) = postProject
		{835E9346-EC73-421D-8C4B-16C4673E3680} = {835E9346-EC73-421D-8C4B-16C4673E3680}
		{F7276B81-CD8E-4E0B-ABF5-BAB8FEBE0511} = {F7276B81-CD8E-4E0B-ABF5-BAB8FEBE0511}
	EndProjectSection
EndProject
Project("{8BC9CEB8-8B4A-11D0-8D11-00A0C91BC942}") = "ChatServer", "..\Sample\ChatServer\ChatServer.vcxproj", "{A19E41AF-3A18-479F-A39D-4E9E597F28D8}"
	ProjectSection(ProjectDependencies) = postProject
		{835E9346-EC73-421D-8C4B-16C4673E3680} = {835E9346-EC73-421D-8C4B-16C4673E3680}
		{F7276B81-CD8E-4E0B-ABF5-BAB8FEBE0511} = {F7276B81-CD8E-4E0B-ABF5-BAB8FEBE0511}
	EndProjectSection
EndProject
Project("{8BC9CEB8-8B4A-11D0-8D11-00A0C91BC942}") = "FPSClient", "..\Sample\FPSClient\FPSClient.vcxproj", "{48877B52-1B8E-44BF-AEA7-16FE109A96AD}"
	ProjectSection(ProjectDependencies) = postProject
		{835E9346-EC73-421D-8C4B-16C4673E3680} = {835E9346-EC73-421D-8C4B-16C4673E3680}
		{F7276B81-CD8E-4E0B-ABF5-BAB8FEBE0511} = {F7276B81-CD8E-4E0B-ABF5-BAB8FEBE0511}
	EndProjectSection
EndProject
Project("{8BC9CEB8-8B4A-11D0-8D11-00A0C91BC942}") = "FPSServer", "..\Sample\FPSServer\FPSServer.vcxproj", "{0B188119-22B3-42B0-8273-2CC89CFD4914}"
	ProjectSection(ProjectDependencies) = postProject
		{4EF55E16-D453-444D-90E5-AB80F4E280BA} = {4EF55E16-D453-444D-90E5-AB80F4E280BA}
		{6C69EC32-ACD5-4641-AE75-7652221ED3A3} = {6C69EC32-ACD5-4641-AE75-7652221ED3A3}
		{835E9346-EC73-421D-8C4B-16C4673E3680} = {835E9346-EC73-421D-8C4B-16C4673E3680}
		{F7276B81-CD8E-4E0B-ABF5-BAB8FEBE0511} = {F7276B81-CD8E-4E0B-ABF5-BAB8FEBE0511}
	EndProjectSection
EndProject
Project("{8BC9CEB8-8B4A-11D0-8D11-00A0C91BC942}") = "CGSFEngine", "..\EngineLayer\Engine\CGSFEngine\CGSFEngine.vcxproj", "{D3434D93-3187-430C-885F-FD6F9613366A}"
EndProject
Project("{8BC9CEB8-8B4A-11D0-8D11-00A0C91BC942}") = "MGEngine", "..\EngineLayer\Engine\MGEngine\MGEngine.vcxproj", "{5B71850E-2755-4B2B-BC10-FA51BEC3E380}"
	ProjectSection(ProjectDependencies) = postProject
		{F7276B81-CD8E-4E0B-ABF5-BAB8FEBE0511} = {F7276B81-CD8E-4E0B-ABF5-BAB8FEBE0511}
	EndProjectSection
EndProject
Project("{8BC9CEB8-8B4A-11D0-8D11-00A0C91BC942}") = "DatabaseLayer", "..\DatabaseLayer\DatabaseLayer.vcxproj", "{4EF55E16-D453-444D-90E5-AB80F4E280BA}"
EndProject
Global
	GlobalSection(SolutionConfigurationPlatforms) = preSolution
		Debug|Win32 = Debug|Win32
		Release|Win32 = Release|Win32
	EndGlobalSection
	GlobalSection(ProjectConfigurationPlatforms) = postSolution
		{835E9346-EC73-421D-8C4B-16C4673E3680}.Debug|Win32.ActiveCfg = Debug|Win32
		{835E9346-EC73-421D-8C4B-16C4673E3680}.Debug|Win32.Build.0 = Debug|Win32
		{835E9346-EC73-421D-8C4B-16C4673E3680}.Release|Win32.ActiveCfg = Release|Win32
		{835E9346-EC73-421D-8C4B-16C4673E3680}.Release|Win32.Build.0 = Release|Win32
		{F7276B81-CD8E-4E0B-ABF5-BAB8FEBE0511}.Debug|Win32.ActiveCfg = Debug|Win32
		{F7276B81-CD8E-4E0B-ABF5-BAB8FEBE0511}.Debug|Win32.Build.0 = Debug|Win32
		{F7276B81-CD8E-4E0B-ABF5-BAB8FEBE0511}.Release|Win32.ActiveCfg = Release|Win32
		{F7276B81-CD8E-4E0B-ABF5-BAB8FEBE0511}.Release|Win32.Build.0 = Release|Win32
		{6C69EC32-ACD5-4641-AE75-7652221ED3A3}.Debug|Win32.ActiveCfg = Debug|Win32
		{6C69EC32-ACD5-4641-AE75-7652221ED3A3}.Debug|Win32.Build.0 = Debug|Win32
		{6C69EC32-ACD5-4641-AE75-7652221ED3A3}.Release|Win32.ActiveCfg = Release|Win32
		{6C69EC32-ACD5-4641-AE75-7652221ED3A3}.Release|Win32.Build.0 = Release|Win32
		{AF8B1386-16B1-408F-9B7E-4274F8AD5BC3}.Debug|Win32.ActiveCfg = Debug|Win32
		{AF8B1386-16B1-408F-9B7E-4274F8AD5BC3}.Debug|Win32.Build.0 = Debug|Win32
		{AF8B1386-16B1-408F-9B7E-4274F8AD5BC3}.Release|Win32.ActiveCfg = Release|Win32
		{AF8B1386-16B1-408F-9B7E-4274F8AD5BC3}.Release|Win32.Build.0 = Release|Win32
		{C2DFE144-64D7-4101-A1CE-C441A8F3F24D}.Debug|Win32.ActiveCfg = Debug|Win32
		{C2DFE144-64D7-4101-A1CE-C441A8F3F24D}.Debug|Win32.Build.0 = Debug|Win32
		{C2DFE144-64D7-4101-A1CE-C441A8F3F24D}.Release|Win32.ActiveCfg = Release|Win32
		{C2DFE144-64D7-4101-A1CE-C441A8F3F24D}.Release|Win32.Build.0 = Release|Win32
		{AE0931A5-DA93-45BB-B0C0-4B43E38A0CE5}.Debug|Win32.ActiveCfg = Debug|Win32
		{AE0931A5-DA93-45BB-B0C0-4B43E38A0CE5}.Debug|Win32.Build.0 = Debug|Win32
		{AE0931A5-DA93-45BB-B0C0-4B43E38A0CE5}.Release|Win32.ActiveCfg = Release|Win32
		{AE0931A5-DA93-45BB-B0C0-4B43E38A0CE5}.Release|Win32.Build.0 = Release|Win32
		{A19E41AF-3A18-479F-A39D-4E9E597F28D8}.Debug|Win32.ActiveCfg = Debug|Win32
		{A19E41AF-3A18-479F-A39D-4E9E597F28D8}.Debug|Win32.Build.0 = Debug|Win32
		{A19E41AF-3A18-479F-A39D-4E9E597F28D8}.Release|Win32.ActiveCfg = Release|Win32
		{A19E41AF-3A18-479F-A39D-4E9E597F28D8}.Release|Win32.Build.0 = Release|Win32
		{48877B52-1B8E-44BF-AEA7-16FE109A96AD}.Debug|Win32.ActiveCfg = Debug|Win32
		{48877B52-1B8E-44BF-AEA7-16FE109A96AD}.Debug|Win32.Build.0 = Debug|Win32
		{48877B52-1B8E-44BF-AEA7-16FE109A96AD}.Release|Win32.ActiveCfg = Release|Win32
		{48877B52-1B8E-44BF-AEA7-16FE109A96AD}.Release|Win32.Build.0 = Release|Win32
		{0B188119-22B3-42B0-8273-2CC89CFD4914}.Debug|Win32.ActiveCfg = Debug|Win32
		{0B188119-22B3-42B0-8273-2CC89CFD4914}.Debug|Win32.Build.0 = Debug|Win32
		{0B188119-22B3-42B0-8273-2CC89CFD4914}.Release|Win32.ActiveCfg = Release|Win32
		{0B188119-22B3-42B0-8273-2CC89CFD4914}.Release|Win32.Build.0 = Release|Win32
		{D3434D93-3187-430C-885F-FD6F9613366A}.Debug|Win32.ActiveCfg = Debug|Win32
		{D3434D93-3187-430C-885F-FD6F9613366A}.Debug|Win32.Build.0 = Debug|Win32
		{D3434D93-3187-430C-885F-FD6F9613366A}.Release|Win32.ActiveCfg = Release|Win32
		{D3434D93-3187-430C-885F-FD6F9613366A}.Release|Win32.Build.0 = Release|Win32
		{5B71850E-2755-4B2B-BC10-FA51BEC3E380}.Debug|Win32.ActiveCfg = Debug|Win32
		{5B71850E-2755-4B2B-BC10-FA51BEC3E380}.Debug|Win32.Build.0 = Debug|Win32
		{5B71850E-2755-4B2B-BC10-FA51BEC3E380}.Release|Win32.ActiveCfg = Release|Win32
		{5B71850E-2755-4B2B-BC10-FA51BEC3E380}.Release|Win32.Build.0 = Release|Win32
		{4EF55E16-D453-444D-90E5-AB80F4E280BA}.Debug|Win32.ActiveCfg = Debug|Win32
		{4EF55E16-D453-444D-90E5-AB80F4E280BA}.Debug|Win32.Build.0 = Debug|Win32
		{4EF55E16-D453-444D-90E5-AB80F4E280BA}.Release|Win32.ActiveCfg = Release|Win32
		{4EF55E16-D453-444D-90E5-AB80F4E280BA}.Release|Win32.Build.0 = Release|Win32
	EndGlobalSection
	GlobalSection(SolutionProperties) = preSolution
		HideSolutionNode = FALSE
	EndGlobalSection
EndGlobal
