
Microsoft Visual Studio Solution File, Format Version 12.00
# Visual Studio 2013
VisualStudioVersion = 12.0.21005.1
MinimumVisualStudioVersion = 10.0.40219.1
Project("{8BC9CEB8-8B4A-11D0-8D11-00A0C91BC942}") = "BaseLayer", "..\BaseLayer\BaseLayer.vcxproj", "{835E9346-EC73-421D-8C4B-16C4673E3680}"
EndProject
Project("{8BC9CEB8-8B4A-11D0-8D11-00A0C91BC942}") = "EngineLayer", "..\EngineLayer\EngineLayer.vcxproj", "{F7276B81-CD8E-4E0B-ABF5-BAB8FEBE0511}"
	ProjectSection(ProjectDependencies) = postProject
		{4EF55E16-D453-444D-90E5-AB80F4E280BA} = {4EF55E16-D453-444D-90E5-AB80F4E280BA}
		{C2DFE144-64D7-4101-A1CE-C441A8F3F24D} = {C2DFE144-64D7-4101-A1CE-C441A8F3F24D}
		{835E9346-EC73-421D-8C4B-16C4673E3680} = {835E9346-EC73-421D-8C4B-16C4673E3680}
	EndProjectSection
EndProject
Project("{8BC9CEB8-8B4A-11D0-8D11-00A0C91BC942}") = "CasualGame", "..\LogicLayer\CasualGame\CasualGame.vcxproj", "{6C69EC32-ACD5-4641-AE75-7652221ED3A3}"
	ProjectSection(ProjectDependencies) = postProject
		{4EF55E16-D453-444D-90E5-AB80F4E280BA} = {4EF55E16-D453-444D-90E5-AB80F4E280BA}
		{835E9346-EC73-421D-8C4B-16C4673E3680} = {835E9346-EC73-421D-8C4B-16C4673E3680}
		{F7276B81-CD8E-4E0B-ABF5-BAB8FEBE0511} = {F7276B81-CD8E-4E0B-ABF5-BAB8FEBE0511}
	EndProjectSection
EndProject
Project("{8BC9CEB8-8B4A-11D0-8D11-00A0C91BC942}") = "P2PClient", "..\P2PLayer\P2PClient\P2PClient.vcxproj", "{AF8B1386-16B1-408F-9B7E-4274F8AD5BC3}"
	ProjectSection(ProjectDependencies) = postProject
		{835E9346-EC73-421D-8C4B-16C4673E3680} = {835E9346-EC73-421D-8C4B-16C4673E3680}
	EndProjectSection
EndProject
Project("{8BC9CEB8-8B4A-11D0-8D11-00A0C91BC942}") = "P2PServer", "..\P2PLayer\P2PServer\P2PServer.vcxproj", "{C2DFE144-64D7-4101-A1CE-C441A8F3F24D}"
	ProjectSection(ProjectDependencies) = postProject
		{835E9346-EC73-421D-8C4B-16C4673E3680} = {835E9346-EC73-421D-8C4B-16C4673E3680}
	EndProjectSection
EndProject
Project("{8BC9CEB8-8B4A-11D0-8D11-00A0C91BC942}") = "ChatClient", "..\Sample\ChatClient\ChatClient.vcxproj", "{AE0931A5-DA93-45BB-B0C0-4B43E38A0CE5}"
	ProjectSection(ProjectDependencies) = postProject
		{835E9346-EC73-421D-8C4B-16C4673E3680} = {835E9346-EC73-421D-8C4B-16C4673E3680}
		{F7276B81-CD8E-4E0B-ABF5-BAB8FEBE0511} = {F7276B81-CD8E-4E0B-ABF5-BAB8FEBE0511}
	EndProjectSection
EndProject
Project("{8BC9CEB8-8B4A-11D0-8D11-00A0C91BC942}") = "ChatServer", "..\Sample\ChatServer\ChatServer.vcxproj", "{A19E41AF-3A18-479F-A39D-4E9E597F28D8}"
	ProjectSection(ProjectDependencies) = postProject
		{835E9346-EC73-421D-8C4B-16C4673E3680} = {835E9346-EC73-421D-8C4B-16C4673E3680}
		{F7276B81-CD8E-4E0B-ABF5-BAB8FEBE0511} = {F7276B81-CD8E-4E0B-ABF5-BAB8FEBE0511}
	EndProjectSection
EndProject
Project("{8BC9CEB8-8B4A-11D0-8D11-00A0C91BC942}") = "FPSServer", "..\Sample\FPSServer\FPSServer.vcxproj", "{0B188119-22B3-42B0-8273-2CC89CFD4914}"
	ProjectSection(ProjectDependencies) = postProject
		{4EF55E16-D453-444D-90E5-AB80F4E280BA} = {4EF55E16-D453-444D-90E5-AB80F4E280BA}
		{6C69EC32-ACD5-4641-AE75-7652221ED3A3} = {6C69EC32-ACD5-4641-AE75-7652221ED3A3}
		{835E9346-EC73-421D-8C4B-16C4673E3680} = {835E9346-EC73-421D-8C4B-16C4673E3680}
		{F7276B81-CD8E-4E0B-ABF5-BAB8FEBE0511} = {F7276B81-CD8E-4E0B-ABF5-BAB8FEBE0511}
	EndProjectSection
EndProject
Project("{8BC9CEB8-8B4A-11D0-8D11-00A0C91BC942}") = "DatabaseLayer", "..\DatabaseLayer\DatabaseLayer.vcxproj", "{4EF55E16-D453-444D-90E5-AB80F4E280BA}"
	ProjectSection(ProjectDependencies) = postProject
		{835E9346-EC73-421D-8C4B-16C4673E3680} = {835E9346-EC73-421D-8C4B-16C4673E3680}
	EndProjectSection
EndProject
Project("{8BC9CEB8-8B4A-11D0-8D11-00A0C91BC942}") = "EchoServer", "..\Sample\EchoServer\EchoServer.vcxproj", "{DD9698A1-F393-47EF-B4E7-41DB22BA2DD6}"
	ProjectSection(ProjectDependencies) = postProject
		{5B71850E-2755-4B2B-BC10-FA51BEC3E380} = {5B71850E-2755-4B2B-BC10-FA51BEC3E380}
		{4BD7A214-3722-4C65-BEED-D3B2618A8D76} = {4BD7A214-3722-4C65-BEED-D3B2618A8D76}
		{835E9346-EC73-421D-8C4B-16C4673E3680} = {835E9346-EC73-421D-8C4B-16C4673E3680}
		{F7276B81-CD8E-4E0B-ABF5-BAB8FEBE0511} = {F7276B81-CD8E-4E0B-ABF5-BAB8FEBE0511}
		{D3434D93-3187-430C-885F-FD6F9613366A} = {D3434D93-3187-430C-885F-FD6F9613366A}
	EndProjectSection
EndProject
Project("{8BC9CEB8-8B4A-11D0-8D11-00A0C91BC942}") = "EchoClient", "..\Sample\EchoClient\EchoClient.vcxproj", "{F6F0BD80-CB93-41F3-A8DB-CF3418DA7EE0}"
	ProjectSection(ProjectDependencies) = postProject
		{4BD7A214-3722-4C65-BEED-D3B2618A8D76} = {4BD7A214-3722-4C65-BEED-D3B2618A8D76}
		{4EF55E16-D453-444D-90E5-AB80F4E280BA} = {4EF55E16-D453-444D-90E5-AB80F4E280BA}
		{835E9346-EC73-421D-8C4B-16C4673E3680} = {835E9346-EC73-421D-8C4B-16C4673E3680}
		{F7276B81-CD8E-4E0B-ABF5-BAB8FEBE0511} = {F7276B81-CD8E-4E0B-ABF5-BAB8FEBE0511}
		{D3434D93-3187-430C-885F-FD6F9613366A} = {D3434D93-3187-430C-885F-FD6F9613366A}
	EndProjectSection
EndProject
Project("{8BC9CEB8-8B4A-11D0-8D11-00A0C91BC942}") = "SevenGameServer", "..\Sample\SevenGameServer\SevenGameServer.vcxproj", "{14ED13CC-1AAF-4E0A-978F-96A2783AD712}"
	ProjectSection(ProjectDependencies) = postProject
		{4EF55E16-D453-444D-90E5-AB80F4E280BA} = {4EF55E16-D453-444D-90E5-AB80F4E280BA}
		{6C69EC32-ACD5-4641-AE75-7652221ED3A3} = {6C69EC32-ACD5-4641-AE75-7652221ED3A3}
		{F7276B81-CD8E-4E0B-ABF5-BAB8FEBE0511} = {F7276B81-CD8E-4E0B-ABF5-BAB8FEBE0511}
		{D3434D93-3187-430C-885F-FD6F9613366A} = {D3434D93-3187-430C-885F-FD6F9613366A}
	EndProjectSection
EndProject
Project("{8BC9CEB8-8B4A-11D0-8D11-00A0C91BC942}") = "MGNet", "..\NetworkLayer\MGNet\MGNet.vcxproj", "{5B71850E-2755-4B2B-BC10-FA51BEC3E380}"
EndProject
Project("{8BC9CEB8-8B4A-11D0-8D11-00A0C91BC942}") = "CGSFNet", "..\NetworkLayer\CGSFNet\CGSFNet.vcxproj", "{D3434D93-3187-430C-885F-FD6F9613366A}"
EndProject
Project("{8BC9CEB8-8B4A-11D0-8D11-00A0C91BC942}") = "ASIONet", "..\NetworkLayer\ASIONet\ASIONet.vcxproj", "{4BD7A214-3722-4C65-BEED-D3B2618A8D76}"
EndProject
Project("{8BC9CEB8-8B4A-11D0-8D11-00A0C91BC942}") = "SevenGameClient", "..\Sample\SevenGameClient\SevenGameClient.vcxproj", "{29BFD120-6357-47F7-9811-C56D54E6CDD4}"
	ProjectSection(ProjectDependencies) = postProject
		{C7713880-7667-4527-B345-678C40EE43C6} = {C7713880-7667-4527-B345-678C40EE43C6}
	EndProjectSection
EndProject
Project("{8BC9CEB8-8B4A-11D0-8D11-00A0C91BC942}") = "CasualGameGUI", "..\Sample\CasualGameGUI\CasualGameGUI.vcxproj", "{C7713880-7667-4527-B345-678C40EE43C6}"
	ProjectSection(ProjectDependencies) = postProject
		{6C69EC32-ACD5-4641-AE75-7652221ED3A3} = {6C69EC32-ACD5-4641-AE75-7652221ED3A3}
	EndProjectSection
EndProject
Project("{8BC9CEB8-8B4A-11D0-8D11-00A0C91BC942}") = "FPSEngine", "..\Sample\FPSClient\FPSEngine\FPSEngine.vcxproj", "{D189BC23-91A0-4289-A619-AE54446D34AE}"
EndProject
Project("{8BC9CEB8-8B4A-11D0-8D11-00A0C91BC942}") = "FPSClient", "..\Sample\FPSClient\FPSClient\FPSClient.vcxproj", "{1C25DF11-F817-4704-B87C-289E892446E4}"
	ProjectSection(ProjectDependencies) = postProject
		{4EF55E16-D453-444D-90E5-AB80F4E280BA} = {4EF55E16-D453-444D-90E5-AB80F4E280BA}
		{D189BC23-91A0-4289-A619-AE54446D34AE} = {D189BC23-91A0-4289-A619-AE54446D34AE}
		{6C69EC32-ACD5-4641-AE75-7652221ED3A3} = {6C69EC32-ACD5-4641-AE75-7652221ED3A3}
		{835E9346-EC73-421D-8C4B-16C4673E3680} = {835E9346-EC73-421D-8C4B-16C4673E3680}
		{C7713880-7667-4527-B345-678C40EE43C6} = {C7713880-7667-4527-B345-678C40EE43C6}
		{F7276B81-CD8E-4E0B-ABF5-BAB8FEBE0511} = {F7276B81-CD8E-4E0B-ABF5-BAB8FEBE0511}
	EndProjectSection
EndProject
Project("{8BC9CEB8-8B4A-11D0-8D11-00A0C91BC942}") = "CommonLayer", "..\Common\CommonLayer.vcxproj", "{FBA50FCE-B1AC-4B9B-82F0-BDC8F762B09D}"
EndProject
Project("{8BC9CEB8-8B4A-11D0-8D11-00A0C91BC942}") = "ProtocolServer", "..\Sample\ProtocolServer\ProtocolServer.vcxproj", "{864EBB45-8870-4ABE-ABF7-0861A7B4D737}"
	ProjectSection(ProjectDependencies) = postProject
		{835E9346-EC73-421D-8C4B-16C4673E3680} = {835E9346-EC73-421D-8C4B-16C4673E3680}
		{F7276B81-CD8E-4E0B-ABF5-BAB8FEBE0511} = {F7276B81-CD8E-4E0B-ABF5-BAB8FEBE0511}
		{FBA50FCE-B1AC-4B9B-82F0-BDC8F762B09D} = {FBA50FCE-B1AC-4B9B-82F0-BDC8F762B09D}
	EndProjectSection
EndProject
Project("{8BC9CEB8-8B4A-11D0-8D11-00A0C91BC942}") = "ProtocolClient", "..\Sample\ProtocolClient\ProtocolClient.vcxproj", "{05D76A3B-9D97-4C67-9CC4-4D8DB1C91EDC}"
	ProjectSection(ProjectDependencies) = postProject
		{F7276B81-CD8E-4E0B-ABF5-BAB8FEBE0511} = {F7276B81-CD8E-4E0B-ABF5-BAB8FEBE0511}
	EndProjectSection
EndProject
Project("{8BC9CEB8-8B4A-11D0-8D11-00A0C91BC942}") = "RPCClient", "..\Sample\RPCClient\RPCClient.vcxproj", "{F6BAF29D-3A6B-4ECD-BB7D-F6A9AC8A7B50}"
	ProjectSection(ProjectDependencies) = postProject
		{F7276B81-CD8E-4E0B-ABF5-BAB8FEBE0511} = {F7276B81-CD8E-4E0B-ABF5-BAB8FEBE0511}
	EndProjectSection
EndProject
Project("{8BC9CEB8-8B4A-11D0-8D11-00A0C91BC942}") = "RPCServer", "..\Sample\RPCServer\RPCServer.vcxproj", "{36814EE1-1FC1-4E81-BF55-28C419A48DBD}"
	ProjectSection(ProjectDependencies) = postProject
		{F7276B81-CD8E-4E0B-ABF5-BAB8FEBE0511} = {F7276B81-CD8E-4E0B-ABF5-BAB8FEBE0511}
	EndProjectSection
EndProject
Global
	GlobalSection(SolutionConfigurationPlatforms) = preSolution
		Debug|Win32 = Debug|Win32
		Debug|x64 = Debug|x64
		Release|Win32 = Release|Win32
		Release|x64 = Release|x64
	EndGlobalSection
	GlobalSection(ProjectConfigurationPlatforms) = postSolution
		{835E9346-EC73-421D-8C4B-16C4673E3680}.Debug|Win32.ActiveCfg = Debug|Win32
		{835E9346-EC73-421D-8C4B-16C4673E3680}.Debug|Win32.Build.0 = Debug|Win32
		{835E9346-EC73-421D-8C4B-16C4673E3680}.Debug|x64.ActiveCfg = Debug|x64
		{835E9346-EC73-421D-8C4B-16C4673E3680}.Debug|x64.Build.0 = Debug|x64
		{835E9346-EC73-421D-8C4B-16C4673E3680}.Release|Win32.ActiveCfg = Release|Win32
		{835E9346-EC73-421D-8C4B-16C4673E3680}.Release|Win32.Build.0 = Release|Win32
		{835E9346-EC73-421D-8C4B-16C4673E3680}.Release|x64.ActiveCfg = Release|x64
		{835E9346-EC73-421D-8C4B-16C4673E3680}.Release|x64.Build.0 = Release|x64
		{F7276B81-CD8E-4E0B-ABF5-BAB8FEBE0511}.Debug|Win32.ActiveCfg = Debug|Win32
		{F7276B81-CD8E-4E0B-ABF5-BAB8FEBE0511}.Debug|Win32.Build.0 = Debug|Win32
		{F7276B81-CD8E-4E0B-ABF5-BAB8FEBE0511}.Debug|x64.ActiveCfg = Debug|x64
		{F7276B81-CD8E-4E0B-ABF5-BAB8FEBE0511}.Debug|x64.Build.0 = Debug|x64
		{F7276B81-CD8E-4E0B-ABF5-BAB8FEBE0511}.Release|Win32.ActiveCfg = Release|Win32
		{F7276B81-CD8E-4E0B-ABF5-BAB8FEBE0511}.Release|Win32.Build.0 = Release|Win32
		{F7276B81-CD8E-4E0B-ABF5-BAB8FEBE0511}.Release|x64.ActiveCfg = Release|x64
		{F7276B81-CD8E-4E0B-ABF5-BAB8FEBE0511}.Release|x64.Build.0 = Release|x64
		{6C69EC32-ACD5-4641-AE75-7652221ED3A3}.Debug|Win32.ActiveCfg = Debug|Win32
		{6C69EC32-ACD5-4641-AE75-7652221ED3A3}.Debug|Win32.Build.0 = Debug|Win32
		{6C69EC32-ACD5-4641-AE75-7652221ED3A3}.Debug|x64.ActiveCfg = Debug|x64
		{6C69EC32-ACD5-4641-AE75-7652221ED3A3}.Debug|x64.Build.0 = Debug|x64
		{6C69EC32-ACD5-4641-AE75-7652221ED3A3}.Release|Win32.ActiveCfg = Release|Win32
		{6C69EC32-ACD5-4641-AE75-7652221ED3A3}.Release|Win32.Build.0 = Release|Win32
		{6C69EC32-ACD5-4641-AE75-7652221ED3A3}.Release|x64.ActiveCfg = Release|x64
		{6C69EC32-ACD5-4641-AE75-7652221ED3A3}.Release|x64.Build.0 = Release|x64
		{AF8B1386-16B1-408F-9B7E-4274F8AD5BC3}.Debug|Win32.ActiveCfg = Debug|Win32
		{AF8B1386-16B1-408F-9B7E-4274F8AD5BC3}.Debug|Win32.Build.0 = Debug|Win32
		{AF8B1386-16B1-408F-9B7E-4274F8AD5BC3}.Debug|x64.ActiveCfg = Debug|x64
		{AF8B1386-16B1-408F-9B7E-4274F8AD5BC3}.Debug|x64.Build.0 = Debug|x64
		{AF8B1386-16B1-408F-9B7E-4274F8AD5BC3}.Release|Win32.ActiveCfg = Release|Win32
		{AF8B1386-16B1-408F-9B7E-4274F8AD5BC3}.Release|Win32.Build.0 = Release|Win32
		{AF8B1386-16B1-408F-9B7E-4274F8AD5BC3}.Release|x64.ActiveCfg = Release|x64
		{AF8B1386-16B1-408F-9B7E-4274F8AD5BC3}.Release|x64.Build.0 = Release|x64
		{C2DFE144-64D7-4101-A1CE-C441A8F3F24D}.Debug|Win32.ActiveCfg = Debug|Win32
		{C2DFE144-64D7-4101-A1CE-C441A8F3F24D}.Debug|Win32.Build.0 = Debug|Win32
		{C2DFE144-64D7-4101-A1CE-C441A8F3F24D}.Debug|x64.ActiveCfg = Debug|x64
		{C2DFE144-64D7-4101-A1CE-C441A8F3F24D}.Debug|x64.Build.0 = Debug|x64
		{C2DFE144-64D7-4101-A1CE-C441A8F3F24D}.Release|Win32.ActiveCfg = Release|Win32
		{C2DFE144-64D7-4101-A1CE-C441A8F3F24D}.Release|Win32.Build.0 = Release|Win32
		{C2DFE144-64D7-4101-A1CE-C441A8F3F24D}.Release|x64.ActiveCfg = Release|x64
		{C2DFE144-64D7-4101-A1CE-C441A8F3F24D}.Release|x64.Build.0 = Release|x64
		{AE0931A5-DA93-45BB-B0C0-4B43E38A0CE5}.Debug|Win32.ActiveCfg = Debug|Win32
		{AE0931A5-DA93-45BB-B0C0-4B43E38A0CE5}.Debug|Win32.Build.0 = Debug|Win32
		{AE0931A5-DA93-45BB-B0C0-4B43E38A0CE5}.Debug|x64.ActiveCfg = Debug|x64
		{AE0931A5-DA93-45BB-B0C0-4B43E38A0CE5}.Debug|x64.Build.0 = Debug|x64
		{AE0931A5-DA93-45BB-B0C0-4B43E38A0CE5}.Release|Win32.ActiveCfg = Release|Win32
		{AE0931A5-DA93-45BB-B0C0-4B43E38A0CE5}.Release|Win32.Build.0 = Release|Win32
		{AE0931A5-DA93-45BB-B0C0-4B43E38A0CE5}.Release|x64.ActiveCfg = Release|x64
		{AE0931A5-DA93-45BB-B0C0-4B43E38A0CE5}.Release|x64.Build.0 = Release|x64
		{A19E41AF-3A18-479F-A39D-4E9E597F28D8}.Debug|Win32.ActiveCfg = Debug|Win32
		{A19E41AF-3A18-479F-A39D-4E9E597F28D8}.Debug|Win32.Build.0 = Debug|Win32
		{A19E41AF-3A18-479F-A39D-4E9E597F28D8}.Debug|x64.ActiveCfg = Debug|x64
		{A19E41AF-3A18-479F-A39D-4E9E597F28D8}.Debug|x64.Build.0 = Debug|x64
		{A19E41AF-3A18-479F-A39D-4E9E597F28D8}.Release|Win32.ActiveCfg = Release|Win32
		{A19E41AF-3A18-479F-A39D-4E9E597F28D8}.Release|Win32.Build.0 = Release|Win32
		{A19E41AF-3A18-479F-A39D-4E9E597F28D8}.Release|x64.ActiveCfg = Release|x64
		{A19E41AF-3A18-479F-A39D-4E9E597F28D8}.Release|x64.Build.0 = Release|x64
		{0B188119-22B3-42B0-8273-2CC89CFD4914}.Debug|Win32.ActiveCfg = Debug|Win32
		{0B188119-22B3-42B0-8273-2CC89CFD4914}.Debug|Win32.Build.0 = Debug|Win32
		{0B188119-22B3-42B0-8273-2CC89CFD4914}.Debug|x64.ActiveCfg = Debug|x64
		{0B188119-22B3-42B0-8273-2CC89CFD4914}.Debug|x64.Build.0 = Debug|x64
		{0B188119-22B3-42B0-8273-2CC89CFD4914}.Release|Win32.ActiveCfg = Release|Win32
		{0B188119-22B3-42B0-8273-2CC89CFD4914}.Release|Win32.Build.0 = Release|Win32
		{0B188119-22B3-42B0-8273-2CC89CFD4914}.Release|x64.ActiveCfg = Release|x64
		{0B188119-22B3-42B0-8273-2CC89CFD4914}.Release|x64.Build.0 = Release|x64
		{4EF55E16-D453-444D-90E5-AB80F4E280BA}.Debug|Win32.ActiveCfg = Debug|Win32
		{4EF55E16-D453-444D-90E5-AB80F4E280BA}.Debug|Win32.Build.0 = Debug|Win32
		{4EF55E16-D453-444D-90E5-AB80F4E280BA}.Debug|x64.ActiveCfg = Debug|x64
		{4EF55E16-D453-444D-90E5-AB80F4E280BA}.Debug|x64.Build.0 = Debug|x64
		{4EF55E16-D453-444D-90E5-AB80F4E280BA}.Release|Win32.ActiveCfg = Release|Win32
		{4EF55E16-D453-444D-90E5-AB80F4E280BA}.Release|Win32.Build.0 = Release|Win32
		{4EF55E16-D453-444D-90E5-AB80F4E280BA}.Release|x64.ActiveCfg = Release|x64
		{4EF55E16-D453-444D-90E5-AB80F4E280BA}.Release|x64.Build.0 = Release|x64
		{DD9698A1-F393-47EF-B4E7-41DB22BA2DD6}.Debug|Win32.ActiveCfg = Debug|Win32
		{DD9698A1-F393-47EF-B4E7-41DB22BA2DD6}.Debug|Win32.Build.0 = Debug|Win32
		{DD9698A1-F393-47EF-B4E7-41DB22BA2DD6}.Debug|x64.ActiveCfg = Debug|x64
		{DD9698A1-F393-47EF-B4E7-41DB22BA2DD6}.Debug|x64.Build.0 = Debug|x64
		{DD9698A1-F393-47EF-B4E7-41DB22BA2DD6}.Release|Win32.ActiveCfg = Release|Win32
		{DD9698A1-F393-47EF-B4E7-41DB22BA2DD6}.Release|Win32.Build.0 = Release|Win32
		{DD9698A1-F393-47EF-B4E7-41DB22BA2DD6}.Release|x64.ActiveCfg = Release|x64
		{DD9698A1-F393-47EF-B4E7-41DB22BA2DD6}.Release|x64.Build.0 = Release|x64
		{F6F0BD80-CB93-41F3-A8DB-CF3418DA7EE0}.Debug|Win32.ActiveCfg = Debug|Win32
		{F6F0BD80-CB93-41F3-A8DB-CF3418DA7EE0}.Debug|Win32.Build.0 = Debug|Win32
		{F6F0BD80-CB93-41F3-A8DB-CF3418DA7EE0}.Debug|x64.ActiveCfg = Debug|x64
		{F6F0BD80-CB93-41F3-A8DB-CF3418DA7EE0}.Debug|x64.Build.0 = Debug|x64
		{F6F0BD80-CB93-41F3-A8DB-CF3418DA7EE0}.Release|Win32.ActiveCfg = Release|Win32
		{F6F0BD80-CB93-41F3-A8DB-CF3418DA7EE0}.Release|Win32.Build.0 = Release|Win32
		{F6F0BD80-CB93-41F3-A8DB-CF3418DA7EE0}.Release|x64.ActiveCfg = Release|x64
		{F6F0BD80-CB93-41F3-A8DB-CF3418DA7EE0}.Release|x64.Build.0 = Release|x64
		{14ED13CC-1AAF-4E0A-978F-96A2783AD712}.Debug|Win32.ActiveCfg = Debug|Win32
		{14ED13CC-1AAF-4E0A-978F-96A2783AD712}.Debug|Win32.Build.0 = Debug|Win32
		{14ED13CC-1AAF-4E0A-978F-96A2783AD712}.Debug|x64.ActiveCfg = Debug|x64
		{14ED13CC-1AAF-4E0A-978F-96A2783AD712}.Debug|x64.Build.0 = Debug|x64
		{14ED13CC-1AAF-4E0A-978F-96A2783AD712}.Release|Win32.ActiveCfg = Release|Win32
		{14ED13CC-1AAF-4E0A-978F-96A2783AD712}.Release|Win32.Build.0 = Release|Win32
		{14ED13CC-1AAF-4E0A-978F-96A2783AD712}.Release|x64.ActiveCfg = Release|x64
		{14ED13CC-1AAF-4E0A-978F-96A2783AD712}.Release|x64.Build.0 = Release|x64
		{5B71850E-2755-4B2B-BC10-FA51BEC3E380}.Debug|Win32.ActiveCfg = Debug|Win32
		{5B71850E-2755-4B2B-BC10-FA51BEC3E380}.Debug|Win32.Build.0 = Debug|Win32
		{5B71850E-2755-4B2B-BC10-FA51BEC3E380}.Debug|x64.ActiveCfg = Debug|x64
		{5B71850E-2755-4B2B-BC10-FA51BEC3E380}.Debug|x64.Build.0 = Debug|x64
		{5B71850E-2755-4B2B-BC10-FA51BEC3E380}.Release|Win32.ActiveCfg = Release|Win32
		{5B71850E-2755-4B2B-BC10-FA51BEC3E380}.Release|Win32.Build.0 = Release|Win32
		{5B71850E-2755-4B2B-BC10-FA51BEC3E380}.Release|x64.ActiveCfg = Release|x64
		{5B71850E-2755-4B2B-BC10-FA51BEC3E380}.Release|x64.Build.0 = Release|x64
		{D3434D93-3187-430C-885F-FD6F9613366A}.Debug|Win32.ActiveCfg = Debug|Win32
		{D3434D93-3187-430C-885F-FD6F9613366A}.Debug|Win32.Build.0 = Debug|Win32
		{D3434D93-3187-430C-885F-FD6F9613366A}.Debug|x64.ActiveCfg = Debug|x64
		{D3434D93-3187-430C-885F-FD6F9613366A}.Debug|x64.Build.0 = Debug|x64
		{D3434D93-3187-430C-885F-FD6F9613366A}.Release|Win32.ActiveCfg = Release|Win32
		{D3434D93-3187-430C-885F-FD6F9613366A}.Release|Win32.Build.0 = Release|Win32
		{D3434D93-3187-430C-885F-FD6F9613366A}.Release|x64.ActiveCfg = Release|x64
		{D3434D93-3187-430C-885F-FD6F9613366A}.Release|x64.Build.0 = Release|x64
		{4BD7A214-3722-4C65-BEED-D3B2618A8D76}.Debug|Win32.ActiveCfg = Debug|Win32
		{4BD7A214-3722-4C65-BEED-D3B2618A8D76}.Debug|Win32.Build.0 = Debug|Win32
		{4BD7A214-3722-4C65-BEED-D3B2618A8D76}.Debug|x64.ActiveCfg = Debug|x64
		{4BD7A214-3722-4C65-BEED-D3B2618A8D76}.Debug|x64.Build.0 = Debug|x64
		{4BD7A214-3722-4C65-BEED-D3B2618A8D76}.Release|Win32.ActiveCfg = Release|Win32
		{4BD7A214-3722-4C65-BEED-D3B2618A8D76}.Release|Win32.Build.0 = Release|Win32
		{4BD7A214-3722-4C65-BEED-D3B2618A8D76}.Release|x64.ActiveCfg = Release|x64
		{4BD7A214-3722-4C65-BEED-D3B2618A8D76}.Release|x64.Build.0 = Release|x64
		{29BFD120-6357-47F7-9811-C56D54E6CDD4}.Debug|Win32.ActiveCfg = Debug|Win32
		{29BFD120-6357-47F7-9811-C56D54E6CDD4}.Debug|Win32.Build.0 = Debug|Win32
		{29BFD120-6357-47F7-9811-C56D54E6CDD4}.Debug|x64.ActiveCfg = Debug|x64
		{29BFD120-6357-47F7-9811-C56D54E6CDD4}.Debug|x64.Build.0 = Debug|x64
		{29BFD120-6357-47F7-9811-C56D54E6CDD4}.Release|Win32.ActiveCfg = Release|Win32
		{29BFD120-6357-47F7-9811-C56D54E6CDD4}.Release|Win32.Build.0 = Release|Win32
		{29BFD120-6357-47F7-9811-C56D54E6CDD4}.Release|x64.ActiveCfg = Release|x64
		{29BFD120-6357-47F7-9811-C56D54E6CDD4}.Release|x64.Build.0 = Release|x64
		{C7713880-7667-4527-B345-678C40EE43C6}.Debug|Win32.ActiveCfg = Debug|Win32
		{C7713880-7667-4527-B345-678C40EE43C6}.Debug|Win32.Build.0 = Debug|Win32
		{C7713880-7667-4527-B345-678C40EE43C6}.Debug|x64.ActiveCfg = Debug|x64
		{C7713880-7667-4527-B345-678C40EE43C6}.Debug|x64.Build.0 = Debug|x64
		{C7713880-7667-4527-B345-678C40EE43C6}.Release|Win32.ActiveCfg = Release|Win32
		{C7713880-7667-4527-B345-678C40EE43C6}.Release|Win32.Build.0 = Release|Win32
		{C7713880-7667-4527-B345-678C40EE43C6}.Release|x64.ActiveCfg = Release|x64
		{C7713880-7667-4527-B345-678C40EE43C6}.Release|x64.Build.0 = Release|x64
		{D189BC23-91A0-4289-A619-AE54446D34AE}.Debug|Win32.ActiveCfg = Debug|Win32
		{D189BC23-91A0-4289-A619-AE54446D34AE}.Debug|Win32.Build.0 = Debug|Win32
		{D189BC23-91A0-4289-A619-AE54446D34AE}.Debug|x64.ActiveCfg = Debug|x64
		{D189BC23-91A0-4289-A619-AE54446D34AE}.Debug|x64.Build.0 = Debug|x64
		{D189BC23-91A0-4289-A619-AE54446D34AE}.Release|Win32.ActiveCfg = Release|Win32
		{D189BC23-91A0-4289-A619-AE54446D34AE}.Release|Win32.Build.0 = Release|Win32
		{D189BC23-91A0-4289-A619-AE54446D34AE}.Release|x64.ActiveCfg = Release|x64
		{D189BC23-91A0-4289-A619-AE54446D34AE}.Release|x64.Build.0 = Release|x64
		{1C25DF11-F817-4704-B87C-289E892446E4}.Debug|Win32.ActiveCfg = Debug|Win32
		{1C25DF11-F817-4704-B87C-289E892446E4}.Debug|Win32.Build.0 = Debug|Win32
		{1C25DF11-F817-4704-B87C-289E892446E4}.Debug|x64.ActiveCfg = Debug|x64
		{1C25DF11-F817-4704-B87C-289E892446E4}.Debug|x64.Build.0 = Debug|x64
		{1C25DF11-F817-4704-B87C-289E892446E4}.Release|Win32.ActiveCfg = Release|Win32
		{1C25DF11-F817-4704-B87C-289E892446E4}.Release|Win32.Build.0 = Release|Win32
		{1C25DF11-F817-4704-B87C-289E892446E4}.Release|x64.ActiveCfg = Release|x64
		{1C25DF11-F817-4704-B87C-289E892446E4}.Release|x64.Build.0 = Release|x64
		{FBA50FCE-B1AC-4B9B-82F0-BDC8F762B09D}.Debug|Win32.ActiveCfg = Debug|Win32
		{FBA50FCE-B1AC-4B9B-82F0-BDC8F762B09D}.Debug|Win32.Build.0 = Debug|Win32
		{FBA50FCE-B1AC-4B9B-82F0-BDC8F762B09D}.Debug|x64.ActiveCfg = Debug|x64
		{FBA50FCE-B1AC-4B9B-82F0-BDC8F762B09D}.Debug|x64.Build.0 = Debug|x64
		{FBA50FCE-B1AC-4B9B-82F0-BDC8F762B09D}.Release|Win32.ActiveCfg = Release|Win32
		{FBA50FCE-B1AC-4B9B-82F0-BDC8F762B09D}.Release|Win32.Build.0 = Release|Win32
		{FBA50FCE-B1AC-4B9B-82F0-BDC8F762B09D}.Release|x64.ActiveCfg = Release|x64
		{FBA50FCE-B1AC-4B9B-82F0-BDC8F762B09D}.Release|x64.Build.0 = Release|x64
		{864EBB45-8870-4ABE-ABF7-0861A7B4D737}.Debug|Win32.ActiveCfg = Debug|Win32
		{864EBB45-8870-4ABE-ABF7-0861A7B4D737}.Debug|Win32.Build.0 = Debug|Win32
		{864EBB45-8870-4ABE-ABF7-0861A7B4D737}.Debug|x64.ActiveCfg = Debug|x64
		{864EBB45-8870-4ABE-ABF7-0861A7B4D737}.Debug|x64.Build.0 = Debug|x64
		{864EBB45-8870-4ABE-ABF7-0861A7B4D737}.Release|Win32.ActiveCfg = Release|Win32
		{864EBB45-8870-4ABE-ABF7-0861A7B4D737}.Release|Win32.Build.0 = Release|Win32
		{864EBB45-8870-4ABE-ABF7-0861A7B4D737}.Release|x64.ActiveCfg = Release|x64
		{864EBB45-8870-4ABE-ABF7-0861A7B4D737}.Release|x64.Build.0 = Release|x64
		{05D76A3B-9D97-4C67-9CC4-4D8DB1C91EDC}.Debug|Win32.ActiveCfg = Debug|Win32
		{05D76A3B-9D97-4C67-9CC4-4D8DB1C91EDC}.Debug|Win32.Build.0 = Debug|Win32
		{05D76A3B-9D97-4C67-9CC4-4D8DB1C91EDC}.Debug|x64.ActiveCfg = Debug|x64
		{05D76A3B-9D97-4C67-9CC4-4D8DB1C91EDC}.Debug|x64.Build.0 = Debug|x64
		{05D76A3B-9D97-4C67-9CC4-4D8DB1C91EDC}.Release|Win32.ActiveCfg = Release|Win32
		{05D76A3B-9D97-4C67-9CC4-4D8DB1C91EDC}.Release|Win32.Build.0 = Release|Win32
		{05D76A3B-9D97-4C67-9CC4-4D8DB1C91EDC}.Release|x64.ActiveCfg = Release|x64
		{05D76A3B-9D97-4C67-9CC4-4D8DB1C91EDC}.Release|x64.Build.0 = Release|x64
		{F6BAF29D-3A6B-4ECD-BB7D-F6A9AC8A7B50}.Debug|Win32.ActiveCfg = Debug|Win32
		{F6BAF29D-3A6B-4ECD-BB7D-F6A9AC8A7B50}.Debug|Win32.Build.0 = Debug|Win32
		{F6BAF29D-3A6B-4ECD-BB7D-F6A9AC8A7B50}.Debug|x64.ActiveCfg = Debug|x64
		{F6BAF29D-3A6B-4ECD-BB7D-F6A9AC8A7B50}.Release|Win32.ActiveCfg = Release|Win32
		{F6BAF29D-3A6B-4ECD-BB7D-F6A9AC8A7B50}.Release|Win32.Build.0 = Release|Win32
		{F6BAF29D-3A6B-4ECD-BB7D-F6A9AC8A7B50}.Release|x64.ActiveCfg = Release|x64
		{36814EE1-1FC1-4E81-BF55-28C419A48DBD}.Debug|Win32.ActiveCfg = Debug|Win32
		{36814EE1-1FC1-4E81-BF55-28C419A48DBD}.Debug|Win32.Build.0 = Debug|Win32
		{36814EE1-1FC1-4E81-BF55-28C419A48DBD}.Debug|x64.ActiveCfg = Debug|x64
		{36814EE1-1FC1-4E81-BF55-28C419A48DBD}.Release|Win32.ActiveCfg = Release|Win32
		{36814EE1-1FC1-4E81-BF55-28C419A48DBD}.Release|Win32.Build.0 = Release|Win32
		{36814EE1-1FC1-4E81-BF55-28C419A48DBD}.Release|x64.ActiveCfg = Release|x64
	EndGlobalSection
	GlobalSection(SolutionProperties) = preSolution
		HideSolutionNode = FALSE
	EndGlobalSection
EndGlobal
