
Microsoft Visual Studio Solution File, Format Version 12.00
# Visual Studio 2013
VisualStudioVersion = 12.0.21005.1
MinimumVisualStudioVersion = 10.0.40219.1
Project("{8BC9CEB8-8B4A-11D0-8D11-00A0C91BC942}") = "Database", "..\CGSFTest\Database\Database.vcxproj", "{3FA3612F-7AF3-4E99-9D58-13F781C08D8B}"
EndProject
Project("{8BC9CEB8-8B4A-11D0-8D11-00A0C91BC942}") = "CrashHandler", "..\CGSFTest\CrashHandler\CrashHandler.vcxproj", "{AAED6DF2-5855-4041-8C2A-AB809FB156C9}"
EndProject
Project("{8BC9CEB8-8B4A-11D0-8D11-00A0C91BC942}") = "BaseLayerTest", "..\CGSFTest\BaseLayerTest\BaseLayerTest.vcxproj", "{ADE398AE-4C04-478D-8252-F65273AC7E18}"
EndProject
Project("{8BC9CEB8-8B4A-11D0-8D11-00A0C91BC942}") = "BigNum", "..\CGSFTest\BigNum\BigNum.vcxproj", "{4D21A907-D8F6-4A65-936E-823F01D6FB82}"
EndProject
Global
	GlobalSection(SolutionConfigurationPlatforms) = preSolution
		Debug|Win32 = Debug|Win32
		Release|Win32 = Release|Win32
	EndGlobalSection
	GlobalSection(ProjectConfigurationPlatforms) = postSolution
		{3FA3612F-7AF3-4E99-9D58-13F781C08D8B}.Debug|Win32.ActiveCfg = Debug|Win32
		{3FA3612F-7AF3-4E99-9D58-13F781C08D8B}.Debug|Win32.Build.0 = Debug|Win32
		{3FA3612F-7AF3-4E99-9D58-13F781C08D8B}.Release|Win32.ActiveCfg = Release|Win32
		{3FA3612F-7AF3-4E99-9D58-13F781C08D8B}.Release|Win32.Build.0 = Release|Win32
		{AAED6DF2-5855-4041-8C2A-AB809FB156C9}.Debug|Win32.ActiveCfg = Debug|Win32
		{AAED6DF2-5855-4041-8C2A-AB809FB156C9}.Debug|Win32.Build.0 = Debug|Win32
		{AAED6DF2-5855-4041-8C2A-AB809FB156C9}.Release|Win32.ActiveCfg = Release|Win32
		{AAED6DF2-5855-4041-8C2A-AB809FB156C9}.Release|Win32.Build.0 = Release|Win32
		{ADE398AE-4C04-478D-8252-F65273AC7E18}.Debug|Win32.ActiveCfg = Debug|Win32
		{ADE398AE-4C04-478D-8252-F65273AC7E18}.Debug|Win32.Build.0 = Debug|Win32
		{ADE398AE-4C04-478D-8252-F65273AC7E18}.Release|Win32.ActiveCfg = Release|Win32
		{ADE398AE-4C04-478D-8252-F65273AC7E18}.Release|Win32.Build.0 = Release|Win32
		{4D21A907-D8F6-4A65-936E-823F01D6FB82}.Debug|Win32.ActiveCfg = Debug|Win32
		{4D21A907-D8F6-4A65-936E-823F01D6FB82}.Debug|Win32.Build.0 = Debug|Win32
		{4D21A907-D8F6-4A65-936E-823F01D6FB82}.Release|Win32.ActiveCfg = Release|Win32
		{4D21A907-D8F6-4A65-936E-823F01D6FB82}.Release|Win32.Build.0 = Release|Win32
	EndGlobalSection
	GlobalSection(SolutionProperties) = preSolution
		HideSolutionNode = FALSE
	EndGlobalSection
EndGlobal
