<?xml version="1.0" encoding="utf-8"?>
<Project ToolsVersion="4.0" xmlns="http://schemas.microsoft.com/developer/msbuild/2003">
  <ItemGroup>
    <Filter Include="Util">
      <UniqueIdentifier>{4FC737F1-C7A5-4376-A066-2A32D752A2FF}</UniqueIdentifier>
      <Extensions>cpp;c;cc;cxx;def;odl;idl;hpj;bat;asm;asmx</Extensions>
    </Filter>
    <Filter Include="DataStructure">
      <UniqueIdentifier>{93995380-89BD-4b04-88EB-625FBE52EBFB}</UniqueIdentifier>
      <Extensions>h;hpp;hxx;hm;inl;inc;xsd</Extensions>
    </Filter>
    <Filter Include="Exception">
      <UniqueIdentifier>{f6164a71-4e36-4c94-917f-8fca1a84f492}</UniqueIdentifier>
    </Filter>
    <Filter Include="Math">
      <UniqueIdentifier>{c31ef5a6-30a8-4e34-a4d1-edd727d9f222}</UniqueIdentifier>
    </Filter>
    <Filter Include="XML">
      <UniqueIdentifier>{ef8abce6-8896-4f93-ba6a-42bd6a1bf60d}</UniqueIdentifier>
    </Filter>
    <Filter Include="DirectoryWatcher">
      <UniqueIdentifier>{05ade628-b364-4e81-964a-667490b73fc4}</UniqueIdentifier>
    </Filter>
    <Filter Include="Syncronization">
      <UniqueIdentifier>{346f7b7a-1707-4cf2-bf0b-9ccf292647e3}</UniqueIdentifier>
    </Filter>
    <Filter Include="String">
      <UniqueIdentifier>{d1ca1177-f3ec-4679-bc80-fa276abc8478}</UniqueIdentifier>
    </Filter>
    <Filter Include="Logger">
      <UniqueIdentifier>{9f34e6bd-2c8f-4b23-bd77-15638e2c1879}</UniqueIdentifier>
    </Filter>
    <Filter Include="Compress">
      <UniqueIdentifier>{84fe6fd7-baf5-4e95-83d3-ae3a85ccaaa1}</UniqueIdentifier>
    </Filter>
    <Filter Include="Encryption">
      <UniqueIdentifier>{85b70d7b-6e98-42c2-ab94-cb80549b2a72}</UniqueIdentifier>
    </Filter>
    <Filter Include="External">
      <UniqueIdentifier>{64037e08-248d-46e1-aa07-1712c5ce4854}</UniqueIdentifier>
    </Filter>
    <Filter Include="CRC">
      <UniqueIdentifier>{7049b4e5-b9d1-40a7-b5b0-79cc4828c72d}</UniqueIdentifier>
    </Filter>
    <Filter Include="MemoryPool">
      <UniqueIdentifier>{93b37dd3-2abc-451e-b3e7-802005f9ffd6}</UniqueIdentifier>
    </Filter>
    <Filter Include="json">
      <UniqueIdentifier>{f7ec9860-5053-435f-b8af-857fd9b710fc}</UniqueIdentifier>
    </Filter>
    <Filter Include="MemoryPool\VMemPool">
      <UniqueIdentifier>{139bed01-f0bc-4517-8e92-7b7961dc9c8c}</UniqueIdentifier>
    </Filter>
    <Filter Include="TinyThread">
      <UniqueIdentifier>{540ae730-32e7-43de-acd4-f8d28286f4d5}</UniqueIdentifier>
    </Filter>
    <Filter Include="Crypto">
      <UniqueIdentifier>{e758a4ec-72d0-4103-9cca-df48051af4b8}</UniqueIdentifier>
    </Filter>
    <Filter Include="Window">
      <UniqueIdentifier>{2543e1bb-bb26-42ed-9e9e-bc1de6d1604d}</UniqueIdentifier>
    </Filter>
  </ItemGroup>
  <ItemGroup>
    <ClCompile Include=".\cpu_info.cpp">
      <Filter>Util</Filter>
    </ClCompile>
    <ClCompile Include=".\CPUDesc.cpp">
      <Filter>Util</Filter>
    </ClCompile>
    <ClCompile Include=".\SFBitArray.cpp">
      <Filter>Util</Filter>
    </ClCompile>
    <ClCompile Include=".\SFDiskManager.cpp">
      <Filter>Util</Filter>
    </ClCompile>
    <ClCompile Include=".\SFFilePack.cpp">
      <Filter>Util</Filter>
    </ClCompile>
    <ClCompile Include=".\SFIni.cpp">
      <Filter>Util</Filter>
    </ClCompile>
    <ClCompile Include=".\SFRegexChecker.cpp">
      <Filter>Util</Filter>
    </ClCompile>
    <ClCompile Include=".\SFRegistry.cpp">
      <Filter>Util</Filter>
    </ClCompile>
    <ClCompile Include=".\SFServiceController.cpp">
      <Filter>Util</Filter>
    </ClCompile>
    <ClCompile Include=".\SFSystemInfo.cpp">
      <Filter>Util</Filter>
    </ClCompile>
    <ClCompile Include=".\stdafx.cpp">
      <Filter>Util</Filter>
    </ClCompile>
    <ClCompile Include="SFBreakPad.cpp">
      <Filter>Exception</Filter>
    </ClCompile>
    <ClCompile Include="SFBugTrap.cpp">
      <Filter>Exception</Filter>
    </ClCompile>
    <ClCompile Include="SFCustomHandler.cpp">
      <Filter>Exception</Filter>
    </ClCompile>
    <ClCompile Include="SFExceptionHandlerUtil.cpp">
      <Filter>Exception</Filter>
    </ClCompile>
    <ClCompile Include="SFMinidump.cpp">
      <Filter>Exception</Filter>
    </ClCompile>
    <ClCompile Include="SFStackWalker.cpp">
      <Filter>Exception</Filter>
    </ClCompile>
    <ClCompile Include="StackWalker.cpp">
      <Filter>Exception</Filter>
    </ClCompile>
    <ClCompile Include="XML\StringConversion.cpp">
      <Filter>XML</Filter>
    </ClCompile>
    <ClCompile Include="XML\tinystr.cpp">
      <Filter>XML</Filter>
    </ClCompile>
    <ClCompile Include="XML\tinyxml.cpp">
      <Filter>XML</Filter>
    </ClCompile>
    <ClCompile Include="XML\tinyxmlerror.cpp">
      <Filter>XML</Filter>
    </ClCompile>
    <ClCompile Include="XML\tinyxmlparser.cpp">
      <Filter>XML</Filter>
    </ClCompile>
    <ClCompile Include="DelayedDirectoryChangeHandler.cpp">
      <Filter>DirectoryWatcher</Filter>
    </ClCompile>
    <ClCompile Include="DirectoryChanges.cpp">
      <Filter>DirectoryWatcher</Filter>
    </ClCompile>
    <ClCompile Include="SFFString.cpp">
      <Filter>String</Filter>
    </ClCompile>
    <ClCompile Include="SFUtil.cpp">
      <Filter>Util</Filter>
    </ClCompile>
    <ClCompile Include="Logger\ACELogger.cpp">
      <Filter>Logger</Filter>
    </ClCompile>
    <ClCompile Include="Logger\GoogleLog.cpp">
      <Filter>Logger</Filter>
    </ClCompile>
    <ClCompile Include="SFCompressLzf.cpp">
      <Filter>Compress</Filter>
    </ClCompile>
    <ClCompile Include="SFCompressor.cpp">
      <Filter>Compress</Filter>
    </ClCompile>
    <ClCompile Include="SFCompressZLib.cpp">
      <Filter>Compress</Filter>
    </ClCompile>
    <ClCompile Include="SFEncryptionXOR.cpp">
      <Filter>Encryption</Filter>
    </ClCompile>
    <ClCompile Include="External\7zcrc.cpp">
      <Filter>External</Filter>
    </ClCompile>
    <ClCompile Include="External\base64.cpp">
      <Filter>External</Filter>
    </ClCompile>
    <ClCompile Include="External\crc.cpp">
      <Filter>External</Filter>
    </ClCompile>
    <ClCompile Include="External\md5.cpp">
      <Filter>External</Filter>
    </ClCompile>
    <ClCompile Include="SFFastCRC.cpp">
      <Filter>CRC</Filter>
    </ClCompile>
    <ClCompile Include="SFList.cpp">
      <Filter>Syncronization</Filter>
    </ClCompile>
    <ClCompile Include="GeneralPool.cpp">
      <Filter>MemoryPool</Filter>
    </ClCompile>
    <ClCompile Include="CrashHandler.cpp">
      <Filter>Exception</Filter>
    </ClCompile>
    <ClCompile Include="json\JsonBuilder.cpp">
      <Filter>json</Filter>
    </ClCompile>
    <ClCompile Include="json\JsonNode.cpp">
      <Filter>json</Filter>
    </ClCompile>
    <ClCompile Include="VMemPool\BitSet.cpp">
      <Filter>MemoryPool\VMemPool</Filter>
    </ClCompile>
    <ClCompile Include="TinyThread\tinythread.cpp">
      <Filter>TinyThread</Filter>
    </ClCompile>
    <ClCompile Include="XML\Markup.cpp">
      <Filter>XML</Filter>
    </ClCompile>
    <ClCompile Include="Crypto\Crypto.cpp">
      <Filter>Crypto</Filter>
    </ClCompile>
    <ClCompile Include="Crypto\md5Capi.cpp">
      <Filter>Crypto</Filter>
    </ClCompile>
    <ClCompile Include="LoadTGA.cpp">
      <Filter>Util</Filter>
    </ClCompile>
    <ClCompile Include="Window\UICmdEdit.cpp">
      <Filter>Window</Filter>
    </ClCompile>
    <ClCompile Include="Window\UICmdMsgView.cpp">
      <Filter>Window</Filter>
    </ClCompile>
    <ClCompile Include="Window\UIFramework.cpp">
      <Filter>Window</Filter>
    </ClCompile>
  </ItemGroup>
  <ItemGroup>
    <ClInclude Include=".\cpu_info.h">
      <Filter>Util</Filter>
    </ClInclude>
    <ClInclude Include=".\CPUDesc.h">
      <Filter>Util</Filter>
    </ClInclude>
    <ClInclude Include=".\SFBitArray.h">
      <Filter>Util</Filter>
    </ClInclude>
    <ClInclude Include=".\SFDiskManager.h">
      <Filter>Util</Filter>
    </ClInclude>
    <ClInclude Include=".\SFFilePack.h">
      <Filter>Util</Filter>
    </ClInclude>
    <ClInclude Include=".\SFIni.h">
      <Filter>Util</Filter>
    </ClInclude>
    <ClInclude Include=".\SFRegexChecker.h">
      <Filter>Util</Filter>
    </ClInclude>
    <ClInclude Include=".\SFRegistry.h">
      <Filter>Util</Filter>
    </ClInclude>
    <ClInclude Include=".\SFServiceController.h">
      <Filter>Util</Filter>
    </ClInclude>
    <ClInclude Include=".\SFSystemInfo.h">
      <Filter>Util</Filter>
    </ClInclude>
    <ClInclude Include=".\stdafx.h">
      <Filter>Util</Filter>
    </ClInclude>
    <ClInclude Include=".\targetver.h">
      <Filter>Util</Filter>
    </ClInclude>
    <ClInclude Include=".\DataStructure\Array.h">
      <Filter>DataStructure</Filter>
    </ClInclude>
    <ClInclude Include=".\DataStructure\Array2D.h">
      <Filter>DataStructure</Filter>
    </ClInclude>
    <ClInclude Include=".\DataStructure\Array3D.h">
      <Filter>DataStructure</Filter>
    </ClInclude>
    <ClInclude Include=".\DataStructure\BinarySearchTree.h">
      <Filter>DataStructure</Filter>
    </ClInclude>
    <ClInclude Include=".\DataStructure\BinaryTree.h">
      <Filter>DataStructure</Filter>
    </ClInclude>
    <ClInclude Include=".\DataStructure\Bitvector.h">
      <Filter>DataStructure</Filter>
    </ClInclude>
    <ClInclude Include=".\DataStructure\DLinkedList.h">
      <Filter>DataStructure</Filter>
    </ClInclude>
    <ClInclude Include=".\DataStructure\Graph.h">
      <Filter>DataStructure</Filter>
    </ClInclude>
    <ClInclude Include=".\DataStructure\HashTable.h">
      <Filter>DataStructure</Filter>
    </ClInclude>
    <ClInclude Include=".\DataStructure\Heap.h">
      <Filter>DataStructure</Filter>
    </ClInclude>
    <ClInclude Include=".\DataStructure\Huffman.h">
      <Filter>DataStructure</Filter>
    </ClInclude>
    <ClInclude Include=".\DataStructure\Pathfinding.h">
      <Filter>DataStructure</Filter>
    </ClInclude>
    <ClInclude Include=".\DataStructure\Queue.h">
      <Filter>DataStructure</Filter>
    </ClInclude>
    <ClInclude Include=".\DataStructure\RandomNumbers.h">
      <Filter>DataStructure</Filter>
    </ClInclude>
    <ClInclude Include=".\DataStructure\RLE.h">
      <Filter>DataStructure</Filter>
    </ClInclude>
    <ClInclude Include=".\DataStructure\SLinkedList.h">
      <Filter>DataStructure</Filter>
    </ClInclude>
    <ClInclude Include=".\DataStructure\sorts.h">
      <Filter>DataStructure</Filter>
    </ClInclude>
    <ClInclude Include=".\DataStructure\Stack.h">
      <Filter>DataStructure</Filter>
    </ClInclude>
    <ClInclude Include=".\DataStructure\Tree.h">
      <Filter>DataStructure</Filter>
    </ClInclude>
    <ClInclude Include="SFBreakPad.h">
      <Filter>Exception</Filter>
    </ClInclude>
    <ClInclude Include="SFBugTrap.h">
      <Filter>Exception</Filter>
    </ClInclude>
    <ClInclude Include="SFCustomHandler.h">
      <Filter>Exception</Filter>
    </ClInclude>
    <ClInclude Include="SFExceptionHandler.h">
      <Filter>Exception</Filter>
    </ClInclude>
    <ClInclude Include="SFExceptionHandlerUtil.h">
      <Filter>Exception</Filter>
    </ClInclude>
    <ClInclude Include="SFMinidump.h">
      <Filter>Exception</Filter>
    </ClInclude>
    <ClInclude Include="SFStackWalker.h">
      <Filter>Exception</Filter>
    </ClInclude>
    <ClInclude Include="StackWalker.h">
      <Filter>Exception</Filter>
    </ClInclude>
    <ClInclude Include="GPGLockFreeQueue.h">
      <Filter>Util</Filter>
    </ClInclude>
    <ClInclude Include="SFMath.h">
      <Filter>Math</Filter>
    </ClInclude>
    <ClInclude Include="XML\IXMLSerializable.h">
      <Filter>XML</Filter>
    </ClInclude>
    <ClInclude Include="XML\IXMLStreamReader.h">
      <Filter>XML</Filter>
    </ClInclude>
    <ClInclude Include="XML\IXMLStreamWriter.h">
      <Filter>XML</Filter>
    </ClInclude>
    <ClInclude Include="XML\SFXMLStreamReader.h">
      <Filter>XML</Filter>
    </ClInclude>
    <ClInclude Include="XML\SFXMLStreamWriter.h">
      <Filter>XML</Filter>
    </ClInclude>
    <ClInclude Include="XML\StringConversion.h">
      <Filter>XML</Filter>
    </ClInclude>
    <ClInclude Include="XML\tinystr.h">
      <Filter>XML</Filter>
    </ClInclude>
    <ClInclude Include="XML\tinyxml.h">
      <Filter>XML</Filter>
    </ClInclude>
    <ClInclude Include="CStdString.h">
      <Filter>DirectoryWatcher</Filter>
    </ClInclude>
    <ClInclude Include="DelayedDirectoryChangeHandler.h">
      <Filter>DirectoryWatcher</Filter>
    </ClInclude>
    <ClInclude Include="DirectoryChanges.h">
      <Filter>DirectoryWatcher</Filter>
    </ClInclude>
    <ClInclude Include="Macro.h">
      <Filter>Util</Filter>
    </ClInclude>
    <ClInclude Include="SFLock.h">
      <Filter>Syncronization</Filter>
    </ClInclude>
    <ClInclude Include="SFFString.h">
      <Filter>String</Filter>
    </ClInclude>
    <ClInclude Include="SFString.h">
      <Filter>String</Filter>
    </ClInclude>
    <ClInclude Include="SFTimer.h">
      <Filter>Util</Filter>
    </ClInclude>
    <ClInclude Include="SFUtil.h">
      <Filter>Util</Filter>
    </ClInclude>
    <ClInclude Include="Logger\ACELogger.h">
      <Filter>Logger</Filter>
    </ClInclude>
    <ClInclude Include="Logger\GoogleLog.h">
      <Filter>Logger</Filter>
    </ClInclude>
    <ClInclude Include="SFCompressLzf.h">
      <Filter>Compress</Filter>
    </ClInclude>
    <ClInclude Include="SFCompressor.h">
      <Filter>Compress</Filter>
    </ClInclude>
    <ClInclude Include="SFCompressZLib.h">
      <Filter>Compress</Filter>
    </ClInclude>
    <ClInclude Include="SFEncryption.h">
      <Filter>Encryption</Filter>
    </ClInclude>
    <ClInclude Include="SFEncryptionXOR.h">
      <Filter>Encryption</Filter>
    </ClInclude>
    <ClInclude Include="External\7zcrc.h">
      <Filter>External</Filter>
    </ClInclude>
    <ClInclude Include="External\base64.h">
      <Filter>External</Filter>
    </ClInclude>
    <ClInclude Include="External\crc.h">
      <Filter>External</Filter>
    </ClInclude>
    <ClInclude Include="External\md5.h">
      <Filter>External</Filter>
    </ClInclude>
    <ClInclude Include="SFFastCRC.h">
      <Filter>CRC</Filter>
    </ClInclude>
    <ClInclude Include="SFDispatch.h">
      <Filter>DataStructure</Filter>
    </ClInclude>
    <ClInclude Include="SFIOCPQueue.h">
      <Filter>Syncronization</Filter>
    </ClInclude>
    <ClInclude Include="SFList.h">
      <Filter>Syncronization</Filter>
    </ClInclude>
    <ClInclude Include="SFLockDeque.h">
      <Filter>Syncronization</Filter>
    </ClInclude>
    <ClInclude Include="SFLockQueue.h">
      <Filter>Syncronization</Filter>
    </ClInclude>
    <ClInclude Include="SFObjectPool.h">
      <Filter>Syncronization</Filter>
    </ClInclude>
    <ClInclude Include="SFQueue.h">
      <Filter>Syncronization</Filter>
    </ClInclude>
    <ClInclude Include="SFTree.h">
      <Filter>Syncronization</Filter>
    </ClInclude>
    <ClInclude Include="SFTSSyncQueue.h">
      <Filter>Syncronization</Filter>
    </ClInclude>
    <ClInclude Include="GeneralPool.h">
      <Filter>MemoryPool</Filter>
    </ClInclude>
    <ClInclude Include="CrashHandler.h">
      <Filter>Exception</Filter>
    </ClInclude>
    <ClInclude Include="BigNum.h">
      <Filter>Math</Filter>
    </ClInclude>
    <ClInclude Include="json\writer.h">
      <Filter>json</Filter>
    </ClInclude>
    <ClInclude Include="json\visitor.h">
      <Filter>json</Filter>
    </ClInclude>
    <ClInclude Include="json\elements.h">
      <Filter>json</Filter>
    </ClInclude>
    <ClInclude Include="json\JsonBuilder.h">
      <Filter>json</Filter>
    </ClInclude>
    <ClInclude Include="json\JsonNode.h">
      <Filter>json</Filter>
    </ClInclude>
    <ClInclude Include="json\reader.h">
      <Filter>json</Filter>
    </ClInclude>
    <ClInclude Include="json\DataTypeConvertor.h">
      <Filter>json</Filter>
    </ClInclude>
    <ClInclude Include="VMemPool\BitSet.h">
      <Filter>MemoryPool\VMemPool</Filter>
    </ClInclude>
    <ClInclude Include="VMemPool\VMemPool.h">
      <Filter>MemoryPool\VMemPool</Filter>
    </ClInclude>
    <ClInclude Include="XML\Markup.h">
      <Filter>XML</Filter>
    </ClInclude>
    <ClInclude Include="Crypto\Crypto.h">
      <Filter>Crypto</Filter>
    </ClInclude>
    <ClInclude Include="Crypto\Key.h">
      <Filter>Crypto</Filter>
    </ClInclude>
    <ClInclude Include="Crypto\md5Capi.h">
      <Filter>Crypto</Filter>
    </ClInclude>
    <ClInclude Include="LoadTGA.h">
      <Filter>Util</Filter>
    </ClInclude>
    <ClInclude Include="Window\UICmdEdit.h">
      <Filter>Window</Filter>
    </ClInclude>
    <ClInclude Include="Window\UICmdMsgView.h">
      <Filter>Window</Filter>
    </ClInclude>
    <ClInclude Include="Window\UIFramework.h">
      <Filter>Window</Filter>
    </ClInclude>
  </ItemGroup>
  <ItemGroup>
    <Text Include=".\DataStructure\Readme.txt">
      <Filter>DataStructure</Filter>
    </Text>
    <Text Include=".\ReadMe.txt" />
  </ItemGroup>
  <ItemGroup>
    <None Include="External\7zAsm.asm">
      <Filter>External</Filter>
    </None>
    <None Include="json\writer.inl">
      <Filter>json</Filter>
    </None>
    <None Include="json\elements.inl">
      <Filter>json</Filter>
    </None>
    <None Include="json\reader.inl">
      <Filter>json</Filter>
    </None>
  </ItemGroup>
  <ItemGroup>
    <CustomBuild Include="External\7zCrcOpt.asm">
      <Filter>External</Filter>
    </CustomBuild>
  </ItemGroup>
</Project>