<?xml version="1.0" encoding="utf-8"?>
<Project ToolsVersion="4.0" xmlns="http://schemas.microsoft.com/developer/msbuild/2003">
  <ItemGroup>
    <Filter Include="Source Files">
      <UniqueIdentifier>{6bc94831-9080-4470-81f1-a0bd8e2df942}</UniqueIdentifier>
      <Extensions>cpp;c;cxx;rc;def;r;odl;idl;hpj;bat</Extensions>
    </Filter>
    <Filter Include="Header Files">
      <UniqueIdentifier>{ee3c6bba-7eb6-4a23-85df-3edd1e473f79}</UniqueIdentifier>
      <Extensions>h;hpp;hxx;hm;inl</Extensions>
    </Filter>
    <Filter Include="Resource Files">
      <UniqueIdentifier>{878fa18c-44a6-4a82-99d0-124978db3dd0}</UniqueIdentifier>
      <Extensions>ico;cur;bmp;dlg;rc2;rct;bin;rgs;gif;jpg;jpeg;jpe</Extensions>
    </Filter>
    <Filter Include="State">
      <UniqueIdentifier>{6d70c040-5cb5-4275-9ba9-f3158f0e9919}</UniqueIdentifier>
    </Filter>
    <Filter Include="External">
      <UniqueIdentifier>{9860174c-6a06-443a-836b-b75f2ce88b0b}</UniqueIdentifier>
    </Filter>
  </ItemGroup>
  <ItemGroup>
    <ClCompile Include="Bullet.cpp">
      <Filter>Source Files</Filter>
    </ClCompile>
    <ClCompile Include="GameMaterial.cpp">
      <Filter>Source Files</Filter>
    </ClCompile>
    <ClCompile Include="Main.cpp">
      <Filter>Source Files</Filter>
    </ClCompile>
    <ClCompile Include="PlayerManager.cpp">
      <Filter>Source Files</Filter>
    </ClCompile>
    <ClCompile Include="PlayerObject.cpp">
      <Filter>Source Files</Filter>
    </ClCompile>
    <ClCompile Include=".\TCPNetworkCallback.cpp">
      <Filter>Source Files</Filter>
    </ClCompile>
    <ClCompile Include=".\UDPNetworkCallback.cpp">
      <Filter>Source Files</Filter>
    </ClCompile>
    <ClCompile Include="Weapon.cpp">
      <Filter>Source Files</Filter>
    </ClCompile>
    <ClCompile Include="Game.cpp">
      <Filter>State</Filter>
    </ClCompile>
    <ClCompile Include="Menu.cpp">
      <Filter>State</Filter>
    </ClCompile>
    <ClCompile Include=".\Room.cpp">
      <Filter>State</Filter>
    </ClCompile>
    <ClCompile Include="..\..\..\Common\SFPacketStore\SFPacketStore.pb.cc">
      <Filter>External</Filter>
    </ClCompile>
  </ItemGroup>
  <ItemGroup>
    <ClInclude Include="Bullet.h">
      <Filter>Header Files</Filter>
    </ClInclude>
    <ClInclude Include="GameMaterial.h">
      <Filter>Header Files</Filter>
    </ClInclude>
    <ClInclude Include="Main.h">
      <Filter>Header Files</Filter>
    </ClInclude>
    <ClInclude Include="PlayerManager.h">
      <Filter>Header Files</Filter>
    </ClInclude>
    <ClInclude Include="PlayerObject.h">
      <Filter>Header Files</Filter>
    </ClInclude>
    <ClInclude Include=".\TCPNetworkCallback.h">
      <Filter>Header Files</Filter>
    </ClInclude>
    <ClInclude Include=".\UDPNetworkCallback.h">
      <Filter>Header Files</Filter>
    </ClInclude>
    <ClInclude Include="Weapon.h">
      <Filter>Header Files</Filter>
    </ClInclude>
    <ClInclude Include="Game.h">
      <Filter>State</Filter>
    </ClInclude>
    <ClInclude Include="Menu.h">
      <Filter>State</Filter>
    </ClInclude>
    <ClInclude Include=".\Room.h">
      <Filter>State</Filter>
    </ClInclude>
    <ClInclude Include="..\..\..\Common\SFPacketStore\PacketID.h">
      <Filter>External</Filter>
    </ClInclude>
    <ClInclude Include="..\..\..\Common\SFPacketStore\SFPacketStore.pb.h">
      <Filter>External</Filter>
    </ClInclude>
  </ItemGroup>
  <ItemGroup>
    <ResourceCompile Include="..\Engine\Resource.rc">
      <Filter>Resource Files</Filter>
    </ResourceCompile>
  </ItemGroup>
</Project>