
Microsoft Visual Studio Solution File, Format Version 12.00
# Visual Studio 2013
VisualStudioVersion = 12.0.30723.0
MinimumVisualStudioVersion = 10.0.40219.1
Project("{FAE04EC0-301F-11D3-BF4B-00C04F79EFBC}") = "EchoServer", "EchoServer\EchoServer.csproj", "{44196478-AAE0-44F4-8491-77A0D6933747}"
EndProject
Project("{FAE04EC0-301F-11D3-BF4B-00C04F79EFBC}") = "EchoClient", "EchoClient\EchoClient.csproj", "{F3631F67-510A-4ED8-BACA-2B0CE8CEBC02}"
EndProject
Project("{FAE04EC0-301F-11D3-BF4B-00C04F79EFBC}") = "CGSFNETCommon", "CGSFNETCommon\CGSFNETCommon.csproj", "{32BA163D-2969-45C9-B7EC-468010CC6B52}"
EndProject
Global
	GlobalSection(SolutionConfigurationPlatforms) = preSolution
		Debug|Any CPU = Debug|Any CPU
		Debug|Mixed Platforms = Debug|Mixed Platforms
		Debug|Win32 = Debug|Win32
		Debug|x64 = Debug|x64
		Release|Any CPU = Release|Any CPU
		Release|Mixed Platforms = Release|Mixed Platforms
		Release|Win32 = Release|Win32
		Release|x64 = Release|x64
	EndGlobalSection
	GlobalSection(ProjectConfigurationPlatforms) = postSolution
		{44196478-AAE0-44F4-8491-77A0D6933747}.Debug|Any CPU.ActiveCfg = Debug|Any CPU
		{44196478-AAE0-44F4-8491-77A0D6933747}.Debug|Any CPU.Build.0 = Debug|Any CPU
		{44196478-AAE0-44F4-8491-77A0D6933747}.Debug|Mixed Platforms.ActiveCfg = Debug|Any CPU
		{44196478-AAE0-44F4-8491-77A0D6933747}.Debug|Mixed Platforms.Build.0 = Debug|Any CPU
		{44196478-AAE0-44F4-8491-77A0D6933747}.Debug|Win32.ActiveCfg = Debug|Any CPU
		{44196478-AAE0-44F4-8491-77A0D6933747}.Debug|x64.ActiveCfg = Debug|Any CPU
		{44196478-AAE0-44F4-8491-77A0D6933747}.Release|Any CPU.ActiveCfg = Release|Any CPU
		{44196478-AAE0-44F4-8491-77A0D6933747}.Release|Any CPU.Build.0 = Release|Any CPU
		{44196478-AAE0-44F4-8491-77A0D6933747}.Release|Mixed Platforms.ActiveCfg = Release|Any CPU
		{44196478-AAE0-44F4-8491-77A0D6933747}.Release|Mixed Platforms.Build.0 = Release|Any CPU
		{44196478-AAE0-44F4-8491-77A0D6933747}.Release|Win32.ActiveCfg = Release|Any CPU
		{44196478-AAE0-44F4-8491-77A0D6933747}.Release|x64.ActiveCfg = Release|Any CPU
		{F3631F67-510A-4ED8-BACA-2B0CE8CEBC02}.Debug|Any CPU.ActiveCfg = Debug|Any CPU
		{F3631F67-510A-4ED8-BACA-2B0CE8CEBC02}.Debug|Any CPU.Build.0 = Debug|Any CPU
		{F3631F67-510A-4ED8-BACA-2B0CE8CEBC02}.Debug|Mixed Platforms.ActiveCfg = Debug|Any CPU
		{F3631F67-510A-4ED8-BACA-2B0CE8CEBC02}.Debug|Mixed Platforms.Build.0 = Debug|Any CPU
		{F3631F67-510A-4ED8-BACA-2B0CE8CEBC02}.Debug|Win32.ActiveCfg = Debug|Any CPU
		{F3631F67-510A-4ED8-BACA-2B0CE8CEBC02}.Debug|x64.ActiveCfg = Debug|Any CPU
		{F3631F67-510A-4ED8-BACA-2B0CE8CEBC02}.Release|Any CPU.ActiveCfg = Release|Any CPU
		{F3631F67-510A-4ED8-BACA-2B0CE8CEBC02}.Release|Any CPU.Build.0 = Release|Any CPU
		{F3631F67-510A-4ED8-BACA-2B0CE8CEBC02}.Release|Mixed Platforms.ActiveCfg = Release|Any CPU
		{F3631F67-510A-4ED8-BACA-2B0CE8CEBC02}.Release|Mixed Platforms.Build.0 = Release|Any CPU
		{F3631F67-510A-4ED8-BACA-2B0CE8CEBC02}.Release|Win32.ActiveCfg = Release|Any CPU
		{F3631F67-510A-4ED8-BACA-2B0CE8CEBC02}.Release|x64.ActiveCfg = Release|Any CPU
		{32BA163D-2969-45C9-B7EC-468010CC6B52}.Debug|Any CPU.ActiveCfg = Debug|Any CPU
		{32BA163D-2969-45C9-B7EC-468010CC6B52}.Debug|Any CPU.Build.0 = Debug|Any CPU
		{32BA163D-2969-45C9-B7EC-468010CC6B52}.Debug|Mixed Platforms.ActiveCfg = Debug|Any CPU
		{32BA163D-2969-45C9-B7EC-468010CC6B52}.Debug|Mixed Platforms.Build.0 = Debug|Any CPU
		{32BA163D-2969-45C9-B7EC-468010CC6B52}.Debug|Win32.ActiveCfg = Debug|Any CPU
		{32BA163D-2969-45C9-B7EC-468010CC6B52}.Debug|x64.ActiveCfg = Debug|Any CPU
		{32BA163D-2969-45C9-B7EC-468010CC6B52}.Release|Any CPU.ActiveCfg = Release|Any CPU
		{32BA163D-2969-45C9-B7EC-468010CC6B52}.Release|Any CPU.Build.0 = Release|Any CPU
		{32BA163D-2969-45C9-B7EC-468010CC6B52}.Release|Mixed Platforms.ActiveCfg = Release|Any CPU
		{32BA163D-2969-45C9-B7EC-468010CC6B52}.Release|Mixed Platforms.Build.0 = Release|Any CPU
		{32BA163D-2969-45C9-B7EC-468010CC6B52}.Release|Win32.ActiveCfg = Release|Any CPU
		{32BA163D-2969-45C9-B7EC-468010CC6B52}.Release|x64.ActiveCfg = Release|Any CPU
	EndGlobalSection
	GlobalSection(SolutionProperties) = preSolution
		HideSolutionNode = FALSE
	EndGlobalSection
EndGlobal
