
Microsoft Visual Studio Solution File, Format Version 12.00
# Visual Studio 2013
VisualStudioVersion = 12.0.30723.0
MinimumVisualStudioVersion = 10.0.40219.1
Project("{8BC9CEB8-8B4A-11D0-8D11-00A0C91BC942}") = "EngineLayerTest", "EngineLayerTest.vcxproj", "{21E0F0F1-6413-4F32-9027-06BCF341CA90}"
EndProject
Project("{8BC9CEB8-8B4A-11D0-8D11-00A0C91BC942}") = "EngineLayer", "..\..\EngineLayer\EngineLayer.vcxproj", "{F7276B81-CD8E-4E0B-ABF5-BAB8FEBE0511}"
	ProjectSection(ProjectDependencies) = postProject
		{FBA50FCE-B1AC-4B9B-82F0-BDC8F762B09D} = {FBA50FCE-B1AC-4B9B-82F0-BDC8F762B09D}
	EndProjectSection
EndProject
Project("{8BC9CEB8-8B4A-11D0-8D11-00A0C91BC942}") = "CommonLayer", "..\..\Common\CommonLayer.vcxproj", "{FBA50FCE-B1AC-4B9B-82F0-BDC8F762B09D}"
EndProject
Global
	GlobalSection(SolutionConfigurationPlatforms) = preSolution
		Debug|Win32 = Debug|Win32
		Debug|x64 = Debug|x64
		Release|Win32 = Release|Win32
		Release|x64 = Release|x64
	EndGlobalSection
	GlobalSection(ProjectConfigurationPlatforms) = postSolution
		{21E0F0F1-6413-4F32-9027-06BCF341CA90}.Debug|Win32.ActiveCfg = Debug|Win32
		{21E0F0F1-6413-4F32-9027-06BCF341CA90}.Debug|Win32.Build.0 = Debug|Win32
		{21E0F0F1-6413-4F32-9027-06BCF341CA90}.Debug|x64.ActiveCfg = Debug|Win32
		{21E0F0F1-6413-4F32-9027-06BCF341CA90}.Release|Win32.ActiveCfg = Release|Win32
		{21E0F0F1-6413-4F32-9027-06BCF341CA90}.Release|Win32.Build.0 = Release|Win32
		{21E0F0F1-6413-4F32-9027-06BCF341CA90}.Release|x64.ActiveCfg = Release|Win32
		{F7276B81-CD8E-4E0B-ABF5-BAB8FEBE0511}.Debug|Win32.ActiveCfg = Debug|Win32
		{F7276B81-CD8E-4E0B-ABF5-BAB8FEBE0511}.Debug|Win32.Build.0 = Debug|Win32
		{F7276B81-CD8E-4E0B-ABF5-BAB8FEBE0511}.Debug|x64.ActiveCfg = Debug|x64
		{F7276B81-CD8E-4E0B-ABF5-BAB8FEBE0511}.Debug|x64.Build.0 = Debug|x64
		{F7276B81-CD8E-4E0B-ABF5-BAB8FEBE0511}.Release|Win32.ActiveCfg = Release|Win32
		{F7276B81-CD8E-4E0B-ABF5-BAB8FEBE0511}.Release|Win32.Build.0 = Release|Win32
		{F7276B81-CD8E-4E0B-ABF5-BAB8FEBE0511}.Release|x64.ActiveCfg = Release|x64
		{F7276B81-CD8E-4E0B-ABF5-BAB8FEBE0511}.Release|x64.Build.0 = Release|x64
		{FBA50FCE-B1AC-4B9B-82F0-BDC8F762B09D}.Debug|Win32.ActiveCfg = Debug|Win32
		{FBA50FCE-B1AC-4B9B-82F0-BDC8F762B09D}.Debug|Win32.Build.0 = Debug|Win32
		{FBA50FCE-B1AC-4B9B-82F0-BDC8F762B09D}.Debug|x64.ActiveCfg = Debug|x64
		{FBA50FCE-B1AC-4B9B-82F0-BDC8F762B09D}.Debug|x64.Build.0 = Debug|x64
		{FBA50FCE-B1AC-4B9B-82F0-BDC8F762B09D}.Release|Win32.ActiveCfg = Release|Win32
		{FBA50FCE-B1AC-4B9B-82F0-BDC8F762B09D}.Release|Win32.Build.0 = Release|Win32
		{FBA50FCE-B1AC-4B9B-82F0-BDC8F762B09D}.Release|x64.ActiveCfg = Release|x64
		{FBA50FCE-B1AC-4B9B-82F0-BDC8F762B09D}.Release|x64.Build.0 = Release|x64
	EndGlobalSection
	GlobalSection(SolutionProperties) = preSolution
		HideSolutionNode = FALSE
	EndGlobalSection
EndGlobal
