<?xml version="1.0" encoding="utf-8"?>
<Project ToolsVersion="4.0" xmlns="http://schemas.microsoft.com/developer/msbuild/2003">
  <ItemGroup>
    <Filter Include="Source Files">
      <UniqueIdentifier>{2ba4c9a9-874f-4c21-9386-39f45169836f}</UniqueIdentifier>
      <Extensions>cpp;c;cxx;rc;def;r;odl;idl;hpj;bat</Extensions>
    </Filter>
    <Filter Include="Header Files">
      <UniqueIdentifier>{fd3ab361-2e89-4a64-8e39-11c16e08dc6d}</UniqueIdentifier>
      <Extensions>h;hpp;hxx;hm;inl</Extensions>
    </Filter>
    <Filter Include="CEGUI">
      <UniqueIdentifier>{5be8db1e-03ab-4e98-8127-d19503e6b15d}</UniqueIdentifier>
    </Filter>
  </ItemGroup>
  <ItemGroup>
    <ClCompile Include="AnimatedObject.cpp">
      <Filter>Source Files</Filter>
    </ClCompile>
    <ClCompile Include="BoundingVolume.cpp">
      <Filter>Source Files</Filter>
    </ClCompile>
    <ClCompile Include="DeviceEnumeration.cpp">
      <Filter>Source Files</Filter>
    </ClCompile>
    <ClCompile Include="Engine.cpp">
      <Filter>Source Files</Filter>
    </ClCompile>
    <ClCompile Include="Font.cpp">
      <Filter>Source Files</Filter>
    </ClCompile>
    <ClCompile Include="Input.cpp">
      <Filter>Source Files</Filter>
    </ClCompile>
    <ClCompile Include="Material.cpp">
      <Filter>Source Files</Filter>
    </ClCompile>
    <ClCompile Include="Mesh.cpp">
      <Filter>Source Files</Filter>
    </ClCompile>
    <ClCompile Include="Network.cpp">
      <Filter>Source Files</Filter>
    </ClCompile>
    <ClCompile Include="RenderCache.cpp">
      <Filter>Source Files</Filter>
    </ClCompile>
    <ClCompile Include="SceneManager.cpp">
      <Filter>Source Files</Filter>
    </ClCompile>
    <ClCompile Include="SceneObject.cpp">
      <Filter>Source Files</Filter>
    </ClCompile>
    <ClCompile Include="Scripting.cpp">
      <Filter>Source Files</Filter>
    </ClCompile>
    <ClCompile Include="SoundSystem.cpp">
      <Filter>Source Files</Filter>
    </ClCompile>
    <ClCompile Include="SpawnerObject.cpp">
      <Filter>Source Files</Filter>
    </ClCompile>
    <ClCompile Include="State.cpp">
      <Filter>Source Files</Filter>
    </ClCompile>
    <ClCompile Include="ViewFrustum.cpp">
      <Filter>Source Files</Filter>
    </ClCompile>
    <ClCompile Include=".\GUIFSM.cpp">
      <Filter>CEGUI</Filter>
    </ClCompile>
    <ClCompile Include=".\GUIGame.cpp">
      <Filter>CEGUI</Filter>
    </ClCompile>
    <ClCompile Include=".\GUILobby.cpp">
      <Filter>CEGUI</Filter>
    </ClCompile>
    <ClCompile Include=".\GUILogin.cpp">
      <Filter>CEGUI</Filter>
    </ClCompile>
    <ClCompile Include=".\GUIManager.cpp">
      <Filter>CEGUI</Filter>
    </ClCompile>
    <ClCompile Include=".\GUIRoom.cpp">
      <Filter>CEGUI</Filter>
    </ClCompile>
  </ItemGroup>
  <ItemGroup>
    <ClInclude Include="AnimatedObject.h">
      <Filter>Header Files</Filter>
    </ClInclude>
    <ClInclude Include="BoundingVolume.h">
      <Filter>Header Files</Filter>
    </ClInclude>
    <ClInclude Include="CollisionDetection.h">
      <Filter>Header Files</Filter>
    </ClInclude>
    <ClInclude Include="DeviceEnumeration.h">
      <Filter>Header Files</Filter>
    </ClInclude>
    <ClInclude Include="Engine.h">
      <Filter>Header Files</Filter>
    </ClInclude>
    <ClInclude Include="Font.h">
      <Filter>Header Files</Filter>
    </ClInclude>
    <ClInclude Include="Geometry.h">
      <Filter>Header Files</Filter>
    </ClInclude>
    <ClInclude Include="Input.h">
      <Filter>Header Files</Filter>
    </ClInclude>
    <ClInclude Include="LinkedList.h">
      <Filter>Header Files</Filter>
    </ClInclude>
    <ClInclude Include="Material.h">
      <Filter>Header Files</Filter>
    </ClInclude>
    <ClInclude Include="Mesh.h">
      <Filter>Header Files</Filter>
    </ClInclude>
    <ClInclude Include="Network.h">
      <Filter>Header Files</Filter>
    </ClInclude>
    <ClInclude Include="RenderCache.h">
      <Filter>Header Files</Filter>
    </ClInclude>
    <ClInclude Include="Resource.h">
      <Filter>Header Files</Filter>
    </ClInclude>
    <ClInclude Include="ResourceManagement.h">
      <Filter>Header Files</Filter>
    </ClInclude>
    <ClInclude Include="SceneManager.h">
      <Filter>Header Files</Filter>
    </ClInclude>
    <ClInclude Include="SceneObject.h">
      <Filter>Header Files</Filter>
    </ClInclude>
    <ClInclude Include="Scripting.h">
      <Filter>Header Files</Filter>
    </ClInclude>
    <ClInclude Include="..\..\Common\SFPacketStore\SFPacketStore.pb.h">
      <Filter>Header Files</Filter>
    </ClInclude>
    <ClInclude Include="SoundSystem.h">
      <Filter>Header Files</Filter>
    </ClInclude>
    <ClInclude Include="SpawnerObject.h">
      <Filter>Header Files</Filter>
    </ClInclude>
    <ClInclude Include="State.h">
      <Filter>Header Files</Filter>
    </ClInclude>
    <ClInclude Include="ViewFrustum.h">
      <Filter>Header Files</Filter>
    </ClInclude>
    <ClInclude Include=".\GUIFSM.h">
      <Filter>CEGUI</Filter>
    </ClInclude>
    <ClInclude Include=".\GUIGame.h">
      <Filter>CEGUI</Filter>
    </ClInclude>
    <ClInclude Include=".\GUILobby.h">
      <Filter>CEGUI</Filter>
    </ClInclude>
    <ClInclude Include=".\GUILogin.h">
      <Filter>CEGUI</Filter>
    </ClInclude>
    <ClInclude Include=".\GUIManager.h">
      <Filter>CEGUI</Filter>
    </ClInclude>
    <ClInclude Include=".\GUIRoom.h">
      <Filter>CEGUI</Filter>
    </ClInclude>
    <ClInclude Include=".\GUIState.h">
      <Filter>CEGUI</Filter>
    </ClInclude>
  </ItemGroup>
</Project>