<?xml version="1.0" encoding="utf-8"?>
<Project ToolsVersion="4.0" xmlns="http://schemas.microsoft.com/developer/msbuild/2003">
  <ItemGroup>
    <Filter Include="Source Files">
      <UniqueIdentifier>{4FC737F1-C7A5-4376-A066-2A32D752A2FF}</UniqueIdentifier>
      <Extensions>cpp;c;cc;cxx;def;odl;idl;hpj;bat;asm;asmx</Extensions>
    </Filter>
    <Filter Include="Header Files">
      <UniqueIdentifier>{93995380-89BD-4b04-88EB-625FBE52EBFB}</UniqueIdentifier>
      <Extensions>h;hpp;hxx;hm;inl;inc;xsd</Extensions>
    </Filter>
    <Filter Include="Resource Files">
      <UniqueIdentifier>{67DA6AB6-F800-4c08-8B7A-83BB121AAD01}</UniqueIdentifier>
      <Extensions>rc;ico;cur;bmp;dlg;rc2;rct;bin;rgs;gif;jpg;jpeg;jpe;resx;tiff;tif;png;wav;mfcribbon-ms</Extensions>
    </Filter>
    <Filter Include="DBComponent">
      <UniqueIdentifier>{ade4380d-12ab-4feb-958e-ad2c0c29f1db}</UniqueIdentifier>
    </Filter>
    <Filter Include="DBAdaptor">
      <UniqueIdentifier>{50bc590b-d417-480d-8855-b29e41292793}</UniqueIdentifier>
    </Filter>
  </ItemGroup>
  <ItemGroup>
    <Text Include="ReadMe.txt" />
  </ItemGroup>
  <ItemGroup>
    <ClInclude Include="stdafx.h">
      <Filter>Header Files</Filter>
    </ClInclude>
    <ClInclude Include="targetver.h">
      <Filter>Header Files</Filter>
    </ClInclude>
    <ClInclude Include="DBMsg.h">
      <Filter>Source Files</Filter>
    </ClInclude>
    <ClInclude Include="IDBManager.h">
      <Filter>Source Files</Filter>
    </ClInclude>
    <ClInclude Include="SFDatabase.h">
      <Filter>Source Files</Filter>
    </ClInclude>
    <ClInclude Include="SFDataBaseProxy.h">
      <Filter>Source Files</Filter>
    </ClInclude>
    <ClInclude Include="SFDatabaseProxyImpl.h">
      <Filter>Source Files</Filter>
    </ClInclude>
    <ClInclude Include="SFDatabaseProxyLocal.h">
      <Filter>Source Files</Filter>
    </ClInclude>
    <ClInclude Include="SFDatabaseProxyRemote.h">
      <Filter>Source Files</Filter>
    </ClInclude>
    <ClInclude Include="SFDBManager.h">
      <Filter>Source Files</Filter>
    </ClInclude>
    <ClInclude Include="SFDBRequest.h">
      <Filter>Source Files</Filter>
    </ClInclude>
    <ClInclude Include="SFDBWorker.h">
      <Filter>Source Files</Filter>
    </ClInclude>
    <ClInclude Include="DBStruct.h">
      <Filter>Header Files</Filter>
    </ClInclude>
    <ClInclude Include="SFFastDB.h">
      <Filter>DBComponent</Filter>
    </ClInclude>
    <ClInclude Include="SFMySQL.h">
      <Filter>DBComponent</Filter>
    </ClInclude>
    <ClInclude Include="SFMSSQL.h">
      <Filter>DBComponent</Filter>
    </ClInclude>
    <ClInclude Include="CppSQLite3.h">
      <Filter>DBComponent</Filter>
    </ClInclude>
    <ClInclude Include="SFDBAdaptor.h">
      <Filter>DBAdaptor</Filter>
    </ClInclude>
    <ClInclude Include="SFMySQLAdaptor.h">
      <Filter>DBAdaptor</Filter>
    </ClInclude>
    <ClInclude Include="SFFastDBAdaptor.h">
      <Filter>DBAdaptor</Filter>
    </ClInclude>
  </ItemGroup>
  <ItemGroup>
    <ClCompile Include="stdafx.cpp">
      <Filter>Source Files</Filter>
    </ClCompile>
    <ClCompile Include="SFDBManager.cpp">
      <Filter>Source Files</Filter>
    </ClCompile>
    <ClCompile Include="SFDBRequest.cpp">
      <Filter>Source Files</Filter>
    </ClCompile>
    <ClCompile Include="SFDBWorker.cpp">
      <Filter>Source Files</Filter>
    </ClCompile>
    <ClCompile Include="SFFastDB.cpp">
      <Filter>DBComponent</Filter>
    </ClCompile>
    <ClCompile Include="SFMySQL.cpp">
      <Filter>DBComponent</Filter>
    </ClCompile>
    <ClCompile Include="SFMSSQL.cpp">
      <Filter>DBComponent</Filter>
    </ClCompile>
    <ClCompile Include="CppSQLite3.cpp">
      <Filter>DBComponent</Filter>
    </ClCompile>
    <ClCompile Include="SFDatabase.cpp">
      <Filter>Source Files</Filter>
    </ClCompile>
    <ClCompile Include="SFDBAdaptor.cpp">
      <Filter>DBAdaptor</Filter>
    </ClCompile>
    <ClCompile Include="SFMySQLAdaptor.cpp">
      <Filter>DBAdaptor</Filter>
    </ClCompile>
    <ClCompile Include="SFFastDBAdaptor.cpp">
      <Filter>DBAdaptor</Filter>
    </ClCompile>
  </ItemGroup>
</Project>