
Microsoft Visual Studio Solution File, Format Version 12.00
# Visual Studio 2013
VisualStudioVersion = 12.0.30723.0
MinimumVisualStudioVersion = 10.0.40219.1
Project("{FAE04EC0-301F-11D3-BF4B-00C04F79EFBC}") = "ChatClient", "ChatClient.csproj", "{F3631F67-510A-4ED8-BACA-2B0CE8CEBC02}"
EndProject
Project("{FAE04EC0-301F-11D3-BF4B-00C04F79EFBC}") = "CGSFNETCommon", "..\..\..\CGSFNETCommon\CGSFNETCommon.csproj", "{32BA163D-2969-45C9-B7EC-468010CC6B52}"
EndProject
Project("{FAE04EC0-301F-11D3-BF4B-00C04F79EFBC}") = "CSCommonLib", "..\CSCommonLib\CSCommonLib.csproj", "{CDF3916E-101E-44FE-A015-1004291A0644}"
EndProject
Global
	GlobalSection(SolutionConfigurationPlatforms) = preSolution
		Debug|Any CPU = Debug|Any CPU
		Release|Any CPU = Release|Any CPU
	EndGlobalSection
	GlobalSection(ProjectConfigurationPlatforms) = postSolution
		{F3631F67-510A-4ED8-BACA-2B0CE8CEBC02}.Debug|Any CPU.ActiveCfg = Debug|Any CPU
		{F3631F67-510A-4ED8-BACA-2B0CE8CEBC02}.Debug|Any CPU.Build.0 = Debug|Any CPU
		{F3631F67-510A-4ED8-BACA-2B0CE8CEBC02}.Release|Any CPU.ActiveCfg = Release|Any CPU
		{F3631F67-510A-4ED8-BACA-2B0CE8CEBC02}.Release|Any CPU.Build.0 = Release|Any CPU
		{32BA163D-2969-45C9-B7EC-468010CC6B52}.Debug|Any CPU.ActiveCfg = Debug|Any CPU
		{32BA163D-2969-45C9-B7EC-468010CC6B52}.Debug|Any CPU.Build.0 = Debug|Any CPU
		{32BA163D-2969-45C9-B7EC-468010CC6B52}.Release|Any CPU.ActiveCfg = Release|Any CPU
		{32BA163D-2969-45C9-B7EC-468010CC6B52}.Release|Any CPU.Build.0 = Release|Any CPU
		{CDF3916E-101E-44FE-A015-1004291A0644}.Debug|Any CPU.ActiveCfg = Debug|Any CPU
		{CDF3916E-101E-44FE-A015-1004291A0644}.Debug|Any CPU.Build.0 = Debug|Any CPU
		{CDF3916E-101E-44FE-A015-1004291A0644}.Release|Any CPU.ActiveCfg = Release|Any CPU
		{CDF3916E-101E-44FE-A015-1004291A0644}.Release|Any CPU.Build.0 = Release|Any CPU
	EndGlobalSection
	GlobalSection(SolutionProperties) = preSolution
		HideSolutionNode = FALSE
	EndGlobalSection
EndGlobal
