<?xml version="1.0" encoding="utf-8"?>
<Project ToolsVersion="4.0" xmlns="http://schemas.microsoft.com/developer/msbuild/2003">
  <ItemGroup>
    <Filter Include="Resource Files">
      <UniqueIdentifier>{67DA6AB6-F800-4c08-8B7A-83BB121AAD01}</UniqueIdentifier>
      <Extensions>rc;ico;cur;bmp;dlg;rc2;rct;bin;rgs;gif;jpg;jpeg;jpe;resx;tiff;tif;png;wav;mfcribbon-ms</Extensions>
    </Filter>
    <Filter Include="Source">
      <UniqueIdentifier>{93995380-89BD-4b04-88EB-625FBE52EBFB}</UniqueIdentifier>
      <Extensions>h;hpp;hxx;hm;inl;inc;xsd</Extensions>
    </Filter>
  </ItemGroup>
  <ItemGroup>
    <ClInclude Include="MGEngine.h">
      <Filter>Source</Filter>
    </ClInclude>
    <ClInclude Include="..\..\EngineDLLInterface\INetworkEngineCallback.h">
      <Filter>Source</Filter>
    </ClInclude>
    <ClInclude Include="MGServerReceiver.h">
      <Filter>Source</Filter>
    </ClInclude>
    <ClInclude Include="..\..\EngineDLLInterface\INetworkEngine.h">
      <Filter>Source</Filter>
    </ClInclude>
    <ClInclude Include="MGClientReceiver.h">
      <Filter>Source</Filter>
    </ClInclude>
  </ItemGroup>
  <ItemGroup>
    <ClCompile Include="MGEngine.cpp">
      <Filter>Source</Filter>
    </ClCompile>
    <ClCompile Include="MGServerReceiver.cpp">
      <Filter>Source</Filter>
    </ClCompile>
    <ClCompile Include="MGClientReceiver.cpp">
      <Filter>Source</Filter>
    </ClCompile>
  </ItemGroup>
</Project>