
Microsoft Visual Studio Solution File, Format Version 12.00
# Visual Studio 2012
Project("{8BC9CEB8-8B4A-11D0-8D11-00A0C91BC942}") = "Game", "Game\Game.vcxproj", "{43FBF523-4BCE-4F04-B48D-D5B1AC2964E7}"
EndProject
Project("{8BC9CEB8-8B4A-11D0-8D11-00A0C91BC942}") = "Engine", "Engine\Engine.vcxproj", "{AEB2ACE8-4619-49CE-B7AA-4C03B63C87C7}"
EndProject
Global
	GlobalSection(SolutionConfigurationPlatforms) = preSolution
		Debug|Win32 = Debug|Win32
		Release|Win32 = Release|Win32
	EndGlobalSection
	GlobalSection(ProjectConfigurationPlatforms) = postSolution
		{43FBF523-4BCE-4F04-B48D-D5B1AC2964E7}.Debug|Win32.ActiveCfg = Debug|Win32
		{43FBF523-4BCE-4F04-B48D-D5B1AC2964E7}.Debug|Win32.Build.0 = Debug|Win32
		{43FBF523-4BCE-4F04-B48D-D5B1AC2964E7}.Release|Win32.ActiveCfg = Release|Win32
		{43FBF523-4BCE-4F04-B48D-D5B1AC2964E7}.Release|Win32.Build.0 = Release|Win32
		{AEB2ACE8-4619-49CE-B7AA-4C03B63C87C7}.Debug|Win32.ActiveCfg = Debug|Win32
		{AEB2ACE8-4619-49CE-B7AA-4C03B63C87C7}.Debug|Win32.Build.0 = Debug|Win32
		{AEB2ACE8-4619-49CE-B7AA-4C03B63C87C7}.Release|Win32.ActiveCfg = Release|Win32
		{AEB2ACE8-4619-49CE-B7AA-4C03B63C87C7}.Release|Win32.Build.0 = Release|Win32
	EndGlobalSection
	GlobalSection(SolutionProperties) = preSolution
		HideSolutionNode = FALSE
	EndGlobalSection
EndGlobal
